
Microsoft Visual Studio Solution File, Format Version 12.00
# Visual Studio Version 17
Project("{8BC9CEB8-8B4A-11D0-8D11-00A0C91BC942}") = "ALL_BUILD", "ALL_BUILD.vcxproj", "{3A7E8E4B-46D6-3EB6-BD4E-FAD75053695B}"
	ProjectSection(ProjectDependencies) = postProject
		{8A43C87A-86F3-33CF-B1C5-A7B702F893F3} = {8A43C87A-86F3-33CF-B1C5-A7B702F893F3}
		{1490F290-32E8-36D6-828B-F8AB860F0459} = {1490F290-32E8-36D6-828B-F8AB860F0459}
		{6C637317-A379-3E17-9945-94A8825B8262} = {6C637317-A379-3E17-9945-94A8825B8262}
		{D11E9489-268C-3047-A56A-99A30C4DB602} = {D11E9489-268C-3047-A56A-99A30C4DB602}
		{2176F536-9D02-39FB-88B6-CF01C2FAE4DF} = {2176F536-9D02-39FB-88B6-CF01C2FAE4DF}
		{283BD0E1-4EE5-395D-B7FA-9E484457A503} = {283BD0E1-4EE5-395D-B7FA-9E484457A503}
		{CB41C62B-5D1F-3AB9-88E5-CC4F26713254} = {CB41C62B-5D1F-3AB9-88E5-CC4F26713254}
		{76992CB0-9FFA-32A3-84E8-51BF8CD50C40} = {76992CB0-9FFA-32A3-84E8-51BF8CD50C40}
		{6C87D8D1-58EB-32D9-BC28-24FFFFDF9BC0} = {6C87D8D1-58EB-32D9-BC28-24FFFFDF9BC0}
		{C19BF394-E76E-380A-962A-484F05BA4409} = {C19BF394-E76E-380A-962A-484F05BA4409}
		{A70FDD1D-ECA8-35FE-9D26-2EBBA1EF6E0F} = {A70FDD1D-ECA8-35FE-9D26-2EBBA1EF6E0F}
		{1132EF9B-DDEA-39B8-9A0F-9A54C5F8E643} = {1132EF9B-DDEA-39B8-9A0F-9A54C5F8E643}
		{8C8B3A34-0B64-3429-88E7-68F6D3D93426} = {8C8B3A34-0B64-3429-88E7-68F6D3D93426}
		{D3949491-72E4-3C38-8157-061B4343C74A} = {D3949491-72E4-3C38-8157-061B4343C74A}
		{2C023281-23EB-3195-94A4-698D6D7FFA7A} = {2C023281-23EB-3195-94A4-698D6D7FFA7A}
		{F453F0AA-59DD-3C11-878C-35782EDBF825} = {F453F0AA-59DD-3C11-878C-35782EDBF825}
		{691AD5F5-2CF7-3F7B-B2CD-080AF26DCE82} = {691AD5F5-2CF7-3F7B-B2CD-080AF26DCE82}
		{D1970EF1-FA27-3CF1-B6EF-54B0A33461E5} = {D1970EF1-FA27-3CF1-B6EF-54B0A33461E5}
		{9CA42B6D-4CEE-34B3-886A-1E92EFA1B7FB} = {9CA42B6D-4CEE-34B3-886A-1E92EFA1B7FB}
		{5AAEBFA0-5F96-30D5-B251-82DB01536367} = {5AAEBFA0-5F96-30D5-B251-82DB01536367}
		{4E35908F-02E0-360E-A972-88C94F14BC74} = {4E35908F-02E0-360E-A972-88C94F14BC74}
		{2ABA7793-1452-398D-A8AD-19D39E250866} = {2ABA7793-1452-398D-A8AD-19D39E250866}
		{3F16584E-3C10-3559-94E5-FEF375C00EE5} = {3F16584E-3C10-3559-94E5-FEF375C00EE5}
		{FD06DD5B-BDE7-3631-A2ED-F4708207DC5E} = {FD06DD5B-BDE7-3631-A2ED-F4708207DC5E}
		{7DB5501A-DB18-3C62-A414-63FFA2090931} = {7DB5501A-DB18-3C62-A414-63FFA2090931}
		{61E93429-4666-3BBB-A2D9-BC168E8A7B64} = {61E93429-4666-3BBB-A2D9-BC168E8A7B64}
		{AE6B30FE-5EB5-3580-801F-366998E951D5} = {AE6B30FE-5EB5-3580-801F-366998E951D5}
		{50F9F2AF-70D7-38E5-9699-0E548FE51F3D} = {50F9F2AF-70D7-38E5-9699-0E548FE51F3D}
		{4C8585AD-AAA6-324C-BCFE-02EFB974EFA3} = {4C8585AD-AAA6-324C-BCFE-02EFB974EFA3}
		{AD83B4A6-4210-37C9-A82A-2379C9AD87D4} = {AD83B4A6-4210-37C9-A82A-2379C9AD87D4}
		{32C96C9A-E574-3DA1-BDDA-74AAE995B41B} = {32C96C9A-E574-3DA1-BDDA-74AAE995B41B}
		{5FDA8F02-7D7D-31C9-822F-37119AE95C74} = {5FDA8F02-7D7D-31C9-822F-37119AE95C74}
		{EEE57C52-D07B-3278-925A-90312D25A523} = {EEE57C52-D07B-3278-925A-90312D25A523}
		{E068D923-9142-37D0-9047-7501B259B0BC} = {E068D923-9142-37D0-9047-7501B259B0BC}
		{DC5FF7A1-10A9-3D7C-A096-08AA4DA72984} = {DC5FF7A1-10A9-3D7C-A096-08AA4DA72984}
		{E7ECF8B7-9FDA-3CC6-9C64-6CE92F79C05B} = {E7ECF8B7-9FDA-3CC6-9C64-6CE92F79C05B}
		{FB8EC759-A146-3A9A-8BBA-1F5F363DA014} = {FB8EC759-A146-3A9A-8BBA-1F5F363DA014}
		{6A7DD8D2-B8A0-39E8-95B2-AB5F6EF8C649} = {6A7DD8D2-B8A0-39E8-95B2-AB5F6EF8C649}
		{AC61FCE3-BD6D-39BA-AA6A-34F356A4F81D} = {AC61FCE3-BD6D-39BA-AA6A-34F356A4F81D}
		{3B50BE1E-2DE6-366C-9296-ADCAB160D90F} = {3B50BE1E-2DE6-366C-9296-ADCAB160D90F}
		{9654E054-9619-3062-B01D-D32C6C8EF75C} = {9654E054-9619-3062-B01D-D32C6C8EF75C}
		{94B24D55-5B75-3F7A-96DB-A8B52642474F} = {94B24D55-5B75-3F7A-96DB-A8B52642474F}
		{2B736D3E-9ACF-369D-BF59-2EF07E9595D1} = {2B736D3E-9ACF-369D-BF59-2EF07E9595D1}
		{A320BE5E-289A-3BFF-8C62-BB98FABF2D8E} = {A320BE5E-289A-3BFF-8C62-BB98FABF2D8E}
		{9506E1F1-9F00-370B-94FD-B16F1DA9427B} = {9506E1F1-9F00-370B-94FD-B16F1DA9427B}
		{870C82B3-F241-35A4-B6CA-D9556A01674E} = {870C82B3-F241-35A4-B6CA-D9556A01674E}
		{0AD3435C-AE73-3FAF-94C7-E0BF4F6DBF11} = {0AD3435C-AE73-3FAF-94C7-E0BF4F6DBF11}
		{136062ED-5D1A-34D9-90CE-3C0F84386D79} = {136062ED-5D1A-34D9-90CE-3C0F84386D79}
		{4CB8A9B1-E038-326C-8D4E-2FF45D46ECC1} = {4CB8A9B1-E038-326C-8D4E-2FF45D46ECC1}
		{62B40FD6-C927-3A73-8276-7A64EE1F8BD8} = {62B40FD6-C927-3A73-8276-7A64EE1F8BD8}
		{E322A3D1-B406-3977-8B8A-AD4C9B2A6C0C} = {E322A3D1-B406-3977-8B8A-AD4C9B2A6C0C}
		{35049D36-688F-3BBA-8BD8-B5745A15824C} = {35049D36-688F-3BBA-8BD8-B5745A15824C}
		{6A781FDA-8330-3386-BCDA-E1967292303D} = {6A781FDA-8330-3386-BCDA-E1967292303D}
		{1C47B22F-6E8A-35A4-A540-02D167D85E11} = {1C47B22F-6E8A-35A4-A540-02D167D85E11}
		{F57BD4C9-4145-3FD6-A843-0D4F71A8B355} = {F57BD4C9-4145-3FD6-A843-0D4F71A8B355}
		{291BCE90-C369-3DB0-909A-2C41E4BB6985} = {291BCE90-C369-3DB0-909A-2C41E4BB6985}
		{E2887B33-BB14-3399-8059-760C0FDD5CB4} = {E2887B33-BB14-3399-8059-760C0FDD5CB4}
	EndProjectSection
EndProject
Project("{8BC9CEB8-8B4A-11D0-8D11-00A0C91BC942}") = "INSTALL", "INSTALL.vcxproj", "{A11C6DA7-9F3A-36E8-A47E-8E0B4FDA7A50}"
	ProjectSection(ProjectDependencies) = postProject
		{3A7E8E4B-46D6-3EB6-BD4E-FAD75053695B} = {3A7E8E4B-46D6-3EB6-BD4E-FAD75053695B}
		{8A43C87A-86F3-33CF-B1C5-A7B702F893F3} = {8A43C87A-86F3-33CF-B1C5-A7B702F893F3}
	EndProjectSection
EndProject
Project("{8BC9CEB8-8B4A-11D0-8D11-00A0C91BC942}") = "RUN_TESTS", "RUN_TESTS.vcxproj", "{AA5C3891-32D5-3145-8197-1CF4C87F948D}"
	ProjectSection(ProjectDependencies) = postProject
		{8A43C87A-86F3-33CF-B1C5-A7B702F893F3} = {8A43C87A-86F3-33CF-B1C5-A7B702F893F3}
	EndProjectSection
EndProject
Project("{8BC9CEB8-8B4A-11D0-8D11-00A0C91BC942}") = "ZERO_CHECK", "ZERO_CHECK.vcxproj", "{8A43C87A-86F3-33CF-B1C5-A7B702F893F3}"
	ProjectSection(ProjectDependencies) = postProject
	EndProjectSection
EndProject
Project("{8BC9CEB8-8B4A-11D0-8D11-00A0C91BC942}") = "algebra_test", "tests\algebra_test.vcxproj", "{1490F290-32E8-36D6-828B-F8AB860F0459}"
	ProjectSection(ProjectDependencies) = postProject
		{8A43C87A-86F3-33CF-B1C5-A7B702F893F3} = {8A43C87A-86F3-33CF-B1C5-A7B702F893F3}
		{691AD5F5-2CF7-3F7B-B2CD-080AF26DCE82} = {691AD5F5-2CF7-3F7B-B2CD-080AF26DCE82}
		{D1970EF1-FA27-3CF1-B6EF-54B0A33461E5} = {D1970EF1-FA27-3CF1-B6EF-54B0A33461E5}
	EndProjectSection
EndProject
Project("{8BC9CEB8-8B4A-11D0-8D11-00A0C91BC942}") = "check", "tests\check.vcxproj", "{5E7D3142-422C-3612-AE87-43515F3BBAC8}"
	ProjectSection(ProjectDependencies) = postProject
		{8A43C87A-86F3-33CF-B1C5-A7B702F893F3} = {8A43C87A-86F3-33CF-B1C5-A7B702F893F3}
		{1490F290-32E8-36D6-828B-F8AB860F0459} = {1490F290-32E8-36D6-828B-F8AB860F0459}
		{6C637317-A379-3E17-9945-94A8825B8262} = {6C637317-A379-3E17-9945-94A8825B8262}
		{C19BF394-E76E-380A-962A-484F05BA4409} = {C19BF394-E76E-380A-962A-484F05BA4409}
		{A70FDD1D-ECA8-35FE-9D26-2EBBA1EF6E0F} = {A70FDD1D-ECA8-35FE-9D26-2EBBA1EF6E0F}
		{1132EF9B-DDEA-39B8-9A0F-9A54C5F8E643} = {1132EF9B-DDEA-39B8-9A0F-9A54C5F8E643}
		{8C8B3A34-0B64-3429-88E7-68F6D3D93426} = {8C8B3A34-0B64-3429-88E7-68F6D3D93426}
		{D3949491-72E4-3C38-8157-061B4343C74A} = {D3949491-72E4-3C38-8157-061B4343C74A}
		{2C023281-23EB-3195-94A4-698D6D7FFA7A} = {2C023281-23EB-3195-94A4-698D6D7FFA7A}
		{F453F0AA-59DD-3C11-878C-35782EDBF825} = {F453F0AA-59DD-3C11-878C-35782EDBF825}
		{9CA42B6D-4CEE-34B3-886A-1E92EFA1B7FB} = {9CA42B6D-4CEE-34B3-886A-1E92EFA1B7FB}
		{5AAEBFA0-5F96-30D5-B251-82DB01536367} = {5AAEBFA0-5F96-30D5-B251-82DB01536367}
		{4E35908F-02E0-360E-A972-88C94F14BC74} = {4E35908F-02E0-360E-A972-88C94F14BC74}
		{2ABA7793-1452-398D-A8AD-19D39E250866} = {2ABA7793-1452-398D-A8AD-19D39E250866}
		{3F16584E-3C10-3559-94E5-FEF375C00EE5} = {3F16584E-3C10-3559-94E5-FEF375C00EE5}
		{FD06DD5B-BDE7-3631-A2ED-F4708207DC5E} = {FD06DD5B-BDE7-3631-A2ED-F4708207DC5E}
		{7DB5501A-DB18-3C62-A414-63FFA2090931} = {7DB5501A-DB18-3C62-A414-63FFA2090931}
		{61E93429-4666-3BBB-A2D9-BC168E8A7B64} = {61E93429-4666-3BBB-A2D9-BC168E8A7B64}
		{AE6B30FE-5EB5-3580-801F-366998E951D5} = {AE6B30FE-5EB5-3580-801F-366998E951D5}
		{50F9F2AF-70D7-38E5-9699-0E548FE51F3D} = {50F9F2AF-70D7-38E5-9699-0E548FE51F3D}
		{32C96C9A-E574-3DA1-BDDA-74AAE995B41B} = {32C96C9A-E574-3DA1-BDDA-74AAE995B41B}
		{5FDA8F02-7D7D-31C9-822F-37119AE95C74} = {5FDA8F02-7D7D-31C9-822F-37119AE95C74}
		{EEE57C52-D07B-3278-925A-90312D25A523} = {EEE57C52-D07B-3278-925A-90312D25A523}
		{E068D923-9142-37D0-9047-7501B259B0BC} = {E068D923-9142-37D0-9047-7501B259B0BC}
		{DC5FF7A1-10A9-3D7C-A096-08AA4DA72984} = {DC5FF7A1-10A9-3D7C-A096-08AA4DA72984}
		{E7ECF8B7-9FDA-3CC6-9C64-6CE92F79C05B} = {E7ECF8B7-9FDA-3CC6-9C64-6CE92F79C05B}
		{FB8EC759-A146-3A9A-8BBA-1F5F363DA014} = {FB8EC759-A146-3A9A-8BBA-1F5F363DA014}
		{6A7DD8D2-B8A0-39E8-95B2-AB5F6EF8C649} = {6A7DD8D2-B8A0-39E8-95B2-AB5F6EF8C649}
		{AC61FCE3-BD6D-39BA-AA6A-34F356A4F81D} = {AC61FCE3-BD6D-39BA-AA6A-34F356A4F81D}
		{3B50BE1E-2DE6-366C-9296-ADCAB160D90F} = {3B50BE1E-2DE6-366C-9296-ADCAB160D90F}
		{9654E054-9619-3062-B01D-D32C6C8EF75C} = {9654E054-9619-3062-B01D-D32C6C8EF75C}
		{94B24D55-5B75-3F7A-96DB-A8B52642474F} = {94B24D55-5B75-3F7A-96DB-A8B52642474F}
		{2B736D3E-9ACF-369D-BF59-2EF07E9595D1} = {2B736D3E-9ACF-369D-BF59-2EF07E9595D1}
		{A320BE5E-289A-3BFF-8C62-BB98FABF2D8E} = {A320BE5E-289A-3BFF-8C62-BB98FABF2D8E}
		{9506E1F1-9F00-370B-94FD-B16F1DA9427B} = {9506E1F1-9F00-370B-94FD-B16F1DA9427B}
		{62B40FD6-C927-3A73-8276-7A64EE1F8BD8} = {62B40FD6-C927-3A73-8276-7A64EE1F8BD8}
		{E322A3D1-B406-3977-8B8A-AD4C9B2A6C0C} = {E322A3D1-B406-3977-8B8A-AD4C9B2A6C0C}
		{35049D36-688F-3BBA-8BD8-B5745A15824C} = {35049D36-688F-3BBA-8BD8-B5745A15824C}
		{6A781FDA-8330-3386-BCDA-E1967292303D} = {6A781FDA-8330-3386-BCDA-E1967292303D}
		{1C47B22F-6E8A-35A4-A540-02D167D85E11} = {1C47B22F-6E8A-35A4-A540-02D167D85E11}
		{F57BD4C9-4145-3FD6-A843-0D4F71A8B355} = {F57BD4C9-4145-3FD6-A843-0D4F71A8B355}
		{291BCE90-C369-3DB0-909A-2C41E4BB6985} = {291BCE90-C369-3DB0-909A-2C41E4BB6985}
		{E2887B33-BB14-3399-8059-760C0FDD5CB4} = {E2887B33-BB14-3399-8059-760C0FDD5CB4}
	EndProjectSection
EndProject
Project("{8BC9CEB8-8B4A-11D0-8D11-00A0C91BC942}") = "core_test", "tests\core_test.vcxproj", "{6C637317-A379-3E17-9945-94A8825B8262}"
	ProjectSection(ProjectDependencies) = postProject
		{8A43C87A-86F3-33CF-B1C5-A7B702F893F3} = {8A43C87A-86F3-33CF-B1C5-A7B702F893F3}
		{691AD5F5-2CF7-3F7B-B2CD-080AF26DCE82} = {691AD5F5-2CF7-3F7B-B2CD-080AF26DCE82}
		{D1970EF1-FA27-3CF1-B6EF-54B0A33461E5} = {D1970EF1-FA27-3CF1-B6EF-54B0A33461E5}
	EndProjectSection
EndProject
Project("{8BC9CEB8-8B4A-11D0-8D11-00A0C91BC942}") = "ctdp_calibration_test", "tests\ctdp_calibration_test.vcxproj", "{D11E9489-268C-3047-A56A-99A30C4DB602}"
	ProjectSection(ProjectDependencies) = postProject
		{8A43C87A-86F3-33CF-B1C5-A7B702F893F3} = {8A43C87A-86F3-33CF-B1C5-A7B702F893F3}
	EndProjectSection
EndProject
Project("{8BC9CEB8-8B4A-11D0-8D11-00A0C91BC942}") = "ctdp_phase3_test", "tests\ctdp_phase3_test.vcxproj", "{2176F536-9D02-39FB-88B6-CF01C2FAE4DF}"
	ProjectSection(ProjectDependencies) = postProject
		{8A43C87A-86F3-33CF-B1C5-A7B702F893F3} = {8A43C87A-86F3-33CF-B1C5-A7B702F893F3}
	EndProjectSection
EndProject
Project("{8BC9CEB8-8B4A-11D0-8D11-00A0C91BC942}") = "ctdp_phase6_test", "tests\ctdp_phase6_test.vcxproj", "{283BD0E1-4EE5-395D-B7FA-9E484457A503}"
	ProjectSection(ProjectDependencies) = postProject
		{8A43C87A-86F3-33CF-B1C5-A7B702F893F3} = {8A43C87A-86F3-33CF-B1C5-A7B702F893F3}
	EndProjectSection
EndProject
Project("{8BC9CEB8-8B4A-11D0-8D11-00A0C91BC942}") = "fix_experiment_test_extractors", "experiments\fix_calibration\fix_experiment_test_extractors.vcxproj", "{CB41C62B-5D1F-3AB9-88E5-CC4F26713254}"
	ProjectSection(ProjectDependencies) = postProject
		{8A43C87A-86F3-33CF-B1C5-A7B702F893F3} = {8A43C87A-86F3-33CF-B1C5-A7B702F893F3}
		{691AD5F5-2CF7-3F7B-B2CD-080AF26DCE82} = {691AD5F5-2CF7-3F7B-B2CD-080AF26DCE82}
		{D1970EF1-FA27-3CF1-B6EF-54B0A33461E5} = {D1970EF1-FA27-3CF1-B6EF-54B0A33461E5}
	EndProjectSection
EndProject
Project("{8BC9CEB8-8B4A-11D0-8D11-00A0C91BC942}") = "gmock", "_deps\googletest-build\googlemock\gmock.vcxproj", "{76992CB0-9FFA-32A3-84E8-51BF8CD50C40}"
	ProjectSection(ProjectDependencies) = postProject
		{8A43C87A-86F3-33CF-B1C5-A7B702F893F3} = {8A43C87A-86F3-33CF-B1C5-A7B702F893F3}
	EndProjectSection
EndProject
Project("{8BC9CEB8-8B4A-11D0-8D11-00A0C91BC942}") = "gmock_main", "_deps\googletest-build\googlemock\gmock_main.vcxproj", "{6C87D8D1-58EB-32D9-BC28-24FFFFDF9BC0}"
	ProjectSection(ProjectDependencies) = postProject
		{8A43C87A-86F3-33CF-B1C5-A7B702F893F3} = {8A43C87A-86F3-33CF-B1C5-A7B702F893F3}
	EndProjectSection
EndProject
Project("{8BC9CEB8-8B4A-11D0-8D11-00A0C91BC942}") = "graph_hardening_test", "tests\graph_hardening_test.vcxproj", "{C19BF394-E76E-380A-962A-484F05BA4409}"
	ProjectSection(ProjectDependencies) = postProject
		{8A43C87A-86F3-33CF-B1C5-A7B702F893F3} = {8A43C87A-86F3-33CF-B1C5-A7B702F893F3}
		{691AD5F5-2CF7-3F7B-B2CD-080AF26DCE82} = {691AD5F5-2CF7-3F7B-B2CD-080AF26DCE82}
		{D1970EF1-FA27-3CF1-B6EF-54B0A33461E5} = {D1970EF1-FA27-3CF1-B6EF-54B0A33461E5}
	EndProjectSection
EndProject
Project("{8BC9CEB8-8B4A-11D0-8D11-00A0C91BC942}") = "graph_step1_test", "tests\graph_step1_test.vcxproj", "{A70FDD1D-ECA8-35FE-9D26-2EBBA1EF6E0F}"
	ProjectSection(ProjectDependencies) = postProject
		{8A43C87A-86F3-33CF-B1C5-A7B702F893F3} = {8A43C87A-86F3-33CF-B1C5-A7B702F893F3}
		{691AD5F5-2CF7-3F7B-B2CD-080AF26DCE82} = {691AD5F5-2CF7-3F7B-B2CD-080AF26DCE82}
		{D1970EF1-FA27-3CF1-B6EF-54B0A33461E5} = {D1970EF1-FA27-3CF1-B6EF-54B0A33461E5}
	EndProjectSection
EndProject
Project("{8BC9CEB8-8B4A-11D0-8D11-00A0C91BC942}") = "graph_step2_test", "tests\graph_step2_test.vcxproj", "{1132EF9B-DDEA-39B8-9A0F-9A54C5F8E643}"
	ProjectSection(ProjectDependencies) = postProject
		{8A43C87A-86F3-33CF-B1C5-A7B702F893F3} = {8A43C87A-86F3-33CF-B1C5-A7B702F893F3}
		{691AD5F5-2CF7-3F7B-B2CD-080AF26DCE82} = {691AD5F5-2CF7-3F7B-B2CD-080AF26DCE82}
		{D1970EF1-FA27-3CF1-B6EF-54B0A33461E5} = {D1970EF1-FA27-3CF1-B6EF-54B0A33461E5}
	EndProjectSection
EndProject
Project("{8BC9CEB8-8B4A-11D0-8D11-00A0C91BC942}") = "graph_step3_test", "tests\graph_step3_test.vcxproj", "{8C8B3A34-0B64-3429-88E7-68F6D3D93426}"
	ProjectSection(ProjectDependencies) = postProject
		{8A43C87A-86F3-33CF-B1C5-A7B702F893F3} = {8A43C87A-86F3-33CF-B1C5-A7B702F893F3}
		{691AD5F5-2CF7-3F7B-B2CD-080AF26DCE82} = {691AD5F5-2CF7-3F7B-B2CD-080AF26DCE82}
		{D1970EF1-FA27-3CF1-B6EF-54B0A33461E5} = {D1970EF1-FA27-3CF1-B6EF-54B0A33461E5}
	EndProjectSection
EndProject
Project("{8BC9CEB8-8B4A-11D0-8D11-00A0C91BC942}") = "graph_step5_test", "tests\graph_step5_test.vcxproj", "{D3949491-72E4-3C38-8157-061B4343C74A}"
	ProjectSection(ProjectDependencies) = postProject
		{8A43C87A-86F3-33CF-B1C5-A7B702F893F3} = {8A43C87A-86F3-33CF-B1C5-A7B702F893F3}
		{691AD5F5-2CF7-3F7B-B2CD-080AF26DCE82} = {691AD5F5-2CF7-3F7B-B2CD-080AF26DCE82}
		{D1970EF1-FA27-3CF1-B6EF-54B0A33461E5} = {D1970EF1-FA27-3CF1-B6EF-54B0A33461E5}
	EndProjectSection
EndProject
Project("{8BC9CEB8-8B4A-11D0-8D11-00A0C91BC942}") = "graph_step6_test", "tests\graph_step6_test.vcxproj", "{2C023281-23EB-3195-94A4-698D6D7FFA7A}"
	ProjectSection(ProjectDependencies) = postProject
		{8A43C87A-86F3-33CF-B1C5-A7B702F893F3} = {8A43C87A-86F3-33CF-B1C5-A7B702F893F3}
		{691AD5F5-2CF7-3F7B-B2CD-080AF26DCE82} = {691AD5F5-2CF7-3F7B-B2CD-080AF26DCE82}
		{D1970EF1-FA27-3CF1-B6EF-54B0A33461E5} = {D1970EF1-FA27-3CF1-B6EF-54B0A33461E5}
	EndProjectSection
EndProject
Project("{8BC9CEB8-8B4A-11D0-8D11-00A0C91BC942}") = "graph_step7_test", "tests\graph_step7_test.vcxproj", "{F453F0AA-59DD-3C11-878C-35782EDBF825}"
	ProjectSection(ProjectDependencies) = postProject
		{8A43C87A-86F3-33CF-B1C5-A7B702F893F3} = {8A43C87A-86F3-33CF-B1C5-A7B702F893F3}
		{691AD5F5-2CF7-3F7B-B2CD-080AF26DCE82} = {691AD5F5-2CF7-3F7B-B2CD-080AF26DCE82}
		{D1970EF1-FA27-3CF1-B6EF-54B0A33461E5} = {D1970EF1-FA27-3CF1-B6EF-54B0A33461E5}
	EndProjectSection
EndProject
Project("{8BC9CEB8-8B4A-11D0-8D11-00A0C91BC942}") = "gtest", "_deps\googletest-build\googletest\gtest.vcxproj", "{691AD5F5-2CF7-3F7B-B2CD-080AF26DCE82}"
	ProjectSection(ProjectDependencies) = postProject
		{8A43C87A-86F3-33CF-B1C5-A7B702F893F3} = {8A43C87A-86F3-33CF-B1C5-A7B702F893F3}
	EndProjectSection
EndProject
Project("{8BC9CEB8-8B4A-11D0-8D11-00A0C91BC942}") = "gtest_main", "_deps\googletest-build\googletest\gtest_main.vcxproj", "{D1970EF1-FA27-3CF1-B6EF-54B0A33461E5}"
	ProjectSection(ProjectDependencies) = postProject
		{8A43C87A-86F3-33CF-B1C5-A7B702F893F3} = {8A43C87A-86F3-33CF-B1C5-A7B702F893F3}
		{691AD5F5-2CF7-3F7B-B2CD-080AF26DCE82} = {691AD5F5-2CF7-3F7B-B2CD-080AF26DCE82}
	EndProjectSection
EndProject
Project("{8BC9CEB8-8B4A-11D0-8D11-00A0C91BC942}") = "solver_test", "tests\solver_test.vcxproj", "{9CA42B6D-4CEE-34B3-886A-1E92EFA1B7FB}"
	ProjectSection(ProjectDependencies) = postProject
		{8A43C87A-86F3-33CF-B1C5-A7B702F893F3} = {8A43C87A-86F3-33CF-B1C5-A7B702F893F3}
		{691AD5F5-2CF7-3F7B-B2CD-080AF26DCE82} = {691AD5F5-2CF7-3F7B-B2CD-080AF26DCE82}
		{D1970EF1-FA27-3CF1-B6EF-54B0A33461E5} = {D1970EF1-FA27-3CF1-B6EF-54B0A33461E5}
	EndProjectSection
EndProject
Project("{8BC9CEB8-8B4A-11D0-8D11-00A0C91BC942}") = "test_bipartite_matching", "tests\test_bipartite_matching.vcxproj", "{5AAEBFA0-5F96-30D5-B251-82DB01536367}"
	ProjectSection(ProjectDependencies) = postProject
		{8A43C87A-86F3-33CF-B1C5-A7B702F893F3} = {8A43C87A-86F3-33CF-B1C5-A7B702F893F3}
		{691AD5F5-2CF7-3F7B-B2CD-080AF26DCE82} = {691AD5F5-2CF7-3F7B-B2CD-080AF26DCE82}
		{D1970EF1-FA27-3CF1-B6EF-54B0A33461E5} = {D1970EF1-FA27-3CF1-B6EF-54B0A33461E5}
	EndProjectSection
EndProject
Project("{8BC9CEB8-8B4A-11D0-8D11-00A0C91BC942}") = "test_candidate_traversal", "tests\test_candidate_traversal.vcxproj", "{4E35908F-02E0-360E-A972-88C94F14BC74}"
	ProjectSection(ProjectDependencies) = postProject
		{8A43C87A-86F3-33CF-B1C5-A7B702F893F3} = {8A43C87A-86F3-33CF-B1C5-A7B702F893F3}
		{691AD5F5-2CF7-3F7B-B2CD-080AF26DCE82} = {691AD5F5-2CF7-3F7B-B2CD-080AF26DCE82}
		{D1970EF1-FA27-3CF1-B6EF-54B0A33461E5} = {D1970EF1-FA27-3CF1-B6EF-54B0A33461E5}
	EndProjectSection
EndProject
Project("{8BC9CEB8-8B4A-11D0-8D11-00A0C91BC942}") = "test_capacity_policy", "tests\test_capacity_policy.vcxproj", "{2ABA7793-1452-398D-A8AD-19D39E250866}"
	ProjectSection(ProjectDependencies) = postProject
		{8A43C87A-86F3-33CF-B1C5-A7B702F893F3} = {8A43C87A-86F3-33CF-B1C5-A7B702F893F3}
		{691AD5F5-2CF7-3F7B-B2CD-080AF26DCE82} = {691AD5F5-2CF7-3F7B-B2CD-080AF26DCE82}
		{D1970EF1-FA27-3CF1-B6EF-54B0A33461E5} = {D1970EF1-FA27-3CF1-B6EF-54B0A33461E5}
	EndProjectSection
EndProject
Project("{8BC9CEB8-8B4A-11D0-8D11-00A0C91BC942}") = "test_constrained_search", "tests\test_constrained_search.vcxproj", "{3F16584E-3C10-3559-94E5-FEF375C00EE5}"
	ProjectSection(ProjectDependencies) = postProject
		{8A43C87A-86F3-33CF-B1C5-A7B702F893F3} = {8A43C87A-86F3-33CF-B1C5-A7B702F893F3}
		{691AD5F5-2CF7-3F7B-B2CD-080AF26DCE82} = {691AD5F5-2CF7-3F7B-B2CD-080AF26DCE82}
		{D1970EF1-FA27-3CF1-B6EF-54B0A33461E5} = {D1970EF1-FA27-3CF1-B6EF-54B0A33461E5}
	EndProjectSection
EndProject
Project("{8BC9CEB8-8B4A-11D0-8D11-00A0C91BC942}") = "test_constraints", "tests\test_constraints.vcxproj", "{FD06DD5B-BDE7-3631-A2ED-F4708207DC5E}"
	ProjectSection(ProjectDependencies) = postProject
		{8A43C87A-86F3-33CF-B1C5-A7B702F893F3} = {8A43C87A-86F3-33CF-B1C5-A7B702F893F3}
		{691AD5F5-2CF7-3F7B-B2CD-080AF26DCE82} = {691AD5F5-2CF7-3F7B-B2CD-080AF26DCE82}
		{D1970EF1-FA27-3CF1-B6EF-54B0A33461E5} = {D1970EF1-FA27-3CF1-B6EF-54B0A33461E5}
	EndProjectSection
EndProject
Project("{8BC9CEB8-8B4A-11D0-8D11-00A0C91BC942}") = "test_cost_models", "tests\test_cost_models.vcxproj", "{7DB5501A-DB18-3C62-A414-63FFA2090931}"
	ProjectSection(ProjectDependencies) = postProject
		{8A43C87A-86F3-33CF-B1C5-A7B702F893F3} = {8A43C87A-86F3-33CF-B1C5-A7B702F893F3}
		{691AD5F5-2CF7-3F7B-B2CD-080AF26DCE82} = {691AD5F5-2CF7-3F7B-B2CD-080AF26DCE82}
		{D1970EF1-FA27-3CF1-B6EF-54B0A33461E5} = {D1970EF1-FA27-3CF1-B6EF-54B0A33461E5}
	EndProjectSection
EndProject
Project("{8BC9CEB8-8B4A-11D0-8D11-00A0C91BC942}") = "test_cost_table_io", "tests\test_cost_table_io.vcxproj", "{61E93429-4666-3BBB-A2D9-BC168E8A7B64}"
	ProjectSection(ProjectDependencies) = postProject
		{8A43C87A-86F3-33CF-B1C5-A7B702F893F3} = {8A43C87A-86F3-33CF-B1C5-A7B702F893F3}
		{691AD5F5-2CF7-3F7B-B2CD-080AF26DCE82} = {691AD5F5-2CF7-3F7B-B2CD-080AF26DCE82}
		{D1970EF1-FA27-3CF1-B6EF-54B0A33461E5} = {D1970EF1-FA27-3CF1-B6EF-54B0A33461E5}
	EndProjectSection
EndProject
Project("{8BC9CEB8-8B4A-11D0-8D11-00A0C91BC942}") = "test_deduction_aliases", "tests\test_deduction_aliases.vcxproj", "{AE6B30FE-5EB5-3580-801F-366998E951D5}"
	ProjectSection(ProjectDependencies) = postProject
		{8A43C87A-86F3-33CF-B1C5-A7B702F893F3} = {8A43C87A-86F3-33CF-B1C5-A7B702F893F3}
		{691AD5F5-2CF7-3F7B-B2CD-080AF26DCE82} = {691AD5F5-2CF7-3F7B-B2CD-080AF26DCE82}
		{D1970EF1-FA27-3CF1-B6EF-54B0A33461E5} = {D1970EF1-FA27-3CF1-B6EF-54B0A33461E5}
	EndProjectSection
EndProject
Project("{8BC9CEB8-8B4A-11D0-8D11-00A0C91BC942}") = "test_exhaustive_search", "tests\test_exhaustive_search.vcxproj", "{50F9F2AF-70D7-38E5-9699-0E548FE51F3D}"
	ProjectSection(ProjectDependencies) = postProject
		{8A43C87A-86F3-33CF-B1C5-A7B702F893F3} = {8A43C87A-86F3-33CF-B1C5-A7B702F893F3}
		{691AD5F5-2CF7-3F7B-B2CD-080AF26DCE82} = {691AD5F5-2CF7-3F7B-B2CD-080AF26DCE82}
		{D1970EF1-FA27-3CF1-B6EF-54B0A33461E5} = {D1970EF1-FA27-3CF1-B6EF-54B0A33461E5}
	EndProjectSection
EndProject
Project("{8BC9CEB8-8B4A-11D0-8D11-00A0C91BC942}") = "test_fix_bench", "tests\test_fix_bench.vcxproj", "{4C8585AD-AAA6-324C-BCFE-02EFB974EFA3}"
	ProjectSection(ProjectDependencies) = postProject
		{8A43C87A-86F3-33CF-B1C5-A7B702F893F3} = {8A43C87A-86F3-33CF-B1C5-A7B702F893F3}
	EndProjectSection
EndProject
Project("{8BC9CEB8-8B4A-11D0-8D11-00A0C91BC942}") = "test_fix_dp_search", "tests\test_fix_dp_search.vcxproj", "{AD83B4A6-4210-37C9-A82A-2379C9AD87D4}"
	ProjectSection(ProjectDependencies) = postProject
		{8A43C87A-86F3-33CF-B1C5-A7B702F893F3} = {8A43C87A-86F3-33CF-B1C5-A7B702F893F3}
	EndProjectSection
EndProject
Project("{8BC9CEB8-8B4A-11D0-8D11-00A0C91BC942}") = "test_graph_coloring", "tests\test_graph_coloring.vcxproj", "{32C96C9A-E574-3DA1-BDDA-74AAE995B41B}"
	ProjectSection(ProjectDependencies) = postProject
		{8A43C87A-86F3-33CF-B1C5-A7B702F893F3} = {8A43C87A-86F3-33CF-B1C5-A7B702F893F3}
		{691AD5F5-2CF7-3F7B-B2CD-080AF26DCE82} = {691AD5F5-2CF7-3F7B-B2CD-080AF26DCE82}
		{D1970EF1-FA27-3CF1-B6EF-54B0A33461E5} = {D1970EF1-FA27-3CF1-B6EF-54B0A33461E5}
	EndProjectSection
EndProject
Project("{8BC9CEB8-8B4A-11D0-8D11-00A0C91BC942}") = "test_graph_hardening_v2", "tests\test_graph_hardening_v2.vcxproj", "{5FDA8F02-7D7D-31C9-822F-37119AE95C74}"
	ProjectSection(ProjectDependencies) = postProject
		{8A43C87A-86F3-33CF-B1C5-A7B702F893F3} = {8A43C87A-86F3-33CF-B1C5-A7B702F893F3}
		{691AD5F5-2CF7-3F7B-B2CD-080AF26DCE82} = {691AD5F5-2CF7-3F7B-B2CD-080AF26DCE82}
		{D1970EF1-FA27-3CF1-B6EF-54B0A33461E5} = {D1970EF1-FA27-3CF1-B6EF-54B0A33461E5}
	EndProjectSection
EndProject
Project("{8BC9CEB8-8B4A-11D0-8D11-00A0C91BC942}") = "test_graph_io", "tests\test_graph_io.vcxproj", "{EEE57C52-D07B-3278-925A-90312D25A523}"
	ProjectSection(ProjectDependencies) = postProject
		{8A43C87A-86F3-33CF-B1C5-A7B702F893F3} = {8A43C87A-86F3-33CF-B1C5-A7B702F893F3}
		{691AD5F5-2CF7-3F7B-B2CD-080AF26DCE82} = {691AD5F5-2CF7-3F7B-B2CD-080AF26DCE82}
		{D1970EF1-FA27-3CF1-B6EF-54B0A33461E5} = {D1970EF1-FA27-3CF1-B6EF-54B0A33461E5}
	EndProjectSection
EndProject
Project("{8BC9CEB8-8B4A-11D0-8D11-00A0C91BC942}") = "test_graph_umbrella", "tests\test_graph_umbrella.vcxproj", "{E068D923-9142-37D0-9047-7501B259B0BC}"
	ProjectSection(ProjectDependencies) = postProject
		{8A43C87A-86F3-33CF-B1C5-A7B702F893F3} = {8A43C87A-86F3-33CF-B1C5-A7B702F893F3}
		{691AD5F5-2CF7-3F7B-B2CD-080AF26DCE82} = {691AD5F5-2CF7-3F7B-B2CD-080AF26DCE82}
		{D1970EF1-FA27-3CF1-B6EF-54B0A33461E5} = {D1970EF1-FA27-3CF1-B6EF-54B0A33461E5}
	EndProjectSection
EndProject
Project("{8BC9CEB8-8B4A-11D0-8D11-00A0C91BC942}") = "test_heterogeneous_space", "tests\test_heterogeneous_space.vcxproj", "{DC5FF7A1-10A9-3D7C-A096-08AA4DA72984}"
	ProjectSection(ProjectDependencies) = postProject
		{8A43C87A-86F3-33CF-B1C5-A7B702F893F3} = {8A43C87A-86F3-33CF-B1C5-A7B702F893F3}
		{691AD5F5-2CF7-3F7B-B2CD-080AF26DCE82} = {691AD5F5-2CF7-3F7B-B2CD-080AF26DCE82}
		{D1970EF1-FA27-3CF1-B6EF-54B0A33461E5} = {D1970EF1-FA27-3CF1-B6EF-54B0A33461E5}
	EndProjectSection
EndProject
Project("{8BC9CEB8-8B4A-11D0-8D11-00A0C91BC942}") = "test_instantiation", "tests\test_instantiation.vcxproj", "{E7ECF8B7-9FDA-3CC6-9C64-6CE92F79C05B}"
	ProjectSection(ProjectDependencies) = postProject
		{8A43C87A-86F3-33CF-B1C5-A7B702F893F3} = {8A43C87A-86F3-33CF-B1C5-A7B702F893F3}
		{691AD5F5-2CF7-3F7B-B2CD-080AF26DCE82} = {691AD5F5-2CF7-3F7B-B2CD-080AF26DCE82}
		{D1970EF1-FA27-3CF1-B6EF-54B0A33461E5} = {D1970EF1-FA27-3CF1-B6EF-54B0A33461E5}
	EndProjectSection
EndProject
Project("{8BC9CEB8-8B4A-11D0-8D11-00A0C91BC942}") = "test_interval_dp", "tests\test_interval_dp.vcxproj", "{FB8EC759-A146-3A9A-8BBA-1F5F363DA014}"
	ProjectSection(ProjectDependencies) = postProject
		{8A43C87A-86F3-33CF-B1C5-A7B702F893F3} = {8A43C87A-86F3-33CF-B1C5-A7B702F893F3}
		{691AD5F5-2CF7-3F7B-B2CD-080AF26DCE82} = {691AD5F5-2CF7-3F7B-B2CD-080AF26DCE82}
		{D1970EF1-FA27-3CF1-B6EF-54B0A33461E5} = {D1970EF1-FA27-3CF1-B6EF-54B0A33461E5}
	EndProjectSection
EndProject
Project("{8BC9CEB8-8B4A-11D0-8D11-00A0C91BC942}") = "test_interval_split_space", "tests\test_interval_split_space.vcxproj", "{6A7DD8D2-B8A0-39E8-95B2-AB5F6EF8C649}"
	ProjectSection(ProjectDependencies) = postProject
		{8A43C87A-86F3-33CF-B1C5-A7B702F893F3} = {8A43C87A-86F3-33CF-B1C5-A7B702F893F3}
		{691AD5F5-2CF7-3F7B-B2CD-080AF26DCE82} = {691AD5F5-2CF7-3F7B-B2CD-080AF26DCE82}
		{D1970EF1-FA27-3CF1-B6EF-54B0A33461E5} = {D1970EF1-FA27-3CF1-B6EF-54B0A33461E5}
	EndProjectSection
EndProject
Project("{8BC9CEB8-8B4A-11D0-8D11-00A0C91BC942}") = "test_io_layering", "tests\test_io_layering.vcxproj", "{AC61FCE3-BD6D-39BA-AA6A-34F356A4F81D}"
	ProjectSection(ProjectDependencies) = postProject
		{8A43C87A-86F3-33CF-B1C5-A7B702F893F3} = {8A43C87A-86F3-33CF-B1C5-A7B702F893F3}
		{691AD5F5-2CF7-3F7B-B2CD-080AF26DCE82} = {691AD5F5-2CF7-3F7B-B2CD-080AF26DCE82}
		{D1970EF1-FA27-3CF1-B6EF-54B0A33461E5} = {D1970EF1-FA27-3CF1-B6EF-54B0A33461E5}
	EndProjectSection
EndProject
Project("{8BC9CEB8-8B4A-11D0-8D11-00A0C91BC942}") = "test_io_lexer", "tests\test_io_lexer.vcxproj", "{3B50BE1E-2DE6-366C-9296-ADCAB160D90F}"
	ProjectSection(ProjectDependencies) = postProject
		{8A43C87A-86F3-33CF-B1C5-A7B702F893F3} = {8A43C87A-86F3-33CF-B1C5-A7B702F893F3}
		{691AD5F5-2CF7-3F7B-B2CD-080AF26DCE82} = {691AD5F5-2CF7-3F7B-B2CD-080AF26DCE82}
		{D1970EF1-FA27-3CF1-B6EF-54B0A33461E5} = {D1970EF1-FA27-3CF1-B6EF-54B0A33461E5}
	EndProjectSection
EndProject
Project("{8BC9CEB8-8B4A-11D0-8D11-00A0C91BC942}") = "test_memo", "tests\test_memo.vcxproj", "{9654E054-9619-3062-B01D-D32C6C8EF75C}"
	ProjectSection(ProjectDependencies) = postProject
		{8A43C87A-86F3-33CF-B1C5-A7B702F893F3} = {8A43C87A-86F3-33CF-B1C5-A7B702F893F3}
		{691AD5F5-2CF7-3F7B-B2CD-080AF26DCE82} = {691AD5F5-2CF7-3F7B-B2CD-080AF26DCE82}
		{D1970EF1-FA27-3CF1-B6EF-54B0A33461E5} = {D1970EF1-FA27-3CF1-B6EF-54B0A33461E5}
	EndProjectSection
EndProject
Project("{8BC9CEB8-8B4A-11D0-8D11-00A0C91BC942}") = "test_merge_rules", "tests\test_merge_rules.vcxproj", "{94B24D55-5B75-3F7A-96DB-A8B52642474F}"
	ProjectSection(ProjectDependencies) = postProject
		{8A43C87A-86F3-33CF-B1C5-A7B702F893F3} = {8A43C87A-86F3-33CF-B1C5-A7B702F893F3}
		{691AD5F5-2CF7-3F7B-B2CD-080AF26DCE82} = {691AD5F5-2CF7-3F7B-B2CD-080AF26DCE82}
		{D1970EF1-FA27-3CF1-B6EF-54B0A33461E5} = {D1970EF1-FA27-3CF1-B6EF-54B0A33461E5}
	EndProjectSection
EndProject
Project("{8BC9CEB8-8B4A-11D0-8D11-00A0C91BC942}") = "test_other_spaces", "tests\test_other_spaces.vcxproj", "{2B736D3E-9ACF-369D-BF59-2EF07E9595D1}"
	ProjectSection(ProjectDependencies) = postProject
		{8A43C87A-86F3-33CF-B1C5-A7B702F893F3} = {8A43C87A-86F3-33CF-B1C5-A7B702F893F3}
		{691AD5F5-2CF7-3F7B-B2CD-080AF26DCE82} = {691AD5F5-2CF7-3F7B-B2CD-080AF26DCE82}
		{D1970EF1-FA27-3CF1-B6EF-54B0A33461E5} = {D1970EF1-FA27-3CF1-B6EF-54B0A33461E5}
	EndProjectSection
EndProject
Project("{8BC9CEB8-8B4A-11D0-8D11-00A0C91BC942}") = "test_per_element_argmin", "tests\test_per_element_argmin.vcxproj", "{A320BE5E-289A-3BFF-8C62-BB98FABF2D8E}"
	ProjectSection(ProjectDependencies) = postProject
		{8A43C87A-86F3-33CF-B1C5-A7B702F893F3} = {8A43C87A-86F3-33CF-B1C5-A7B702F893F3}
		{691AD5F5-2CF7-3F7B-B2CD-080AF26DCE82} = {691AD5F5-2CF7-3F7B-B2CD-080AF26DCE82}
		{D1970EF1-FA27-3CF1-B6EF-54B0A33461E5} = {D1970EF1-FA27-3CF1-B6EF-54B0A33461E5}
	EndProjectSection
EndProject
Project("{8BC9CEB8-8B4A-11D0-8D11-00A0C91BC942}") = "test_per_element_space", "tests\test_per_element_space.vcxproj", "{9506E1F1-9F00-370B-94FD-B16F1DA9427B}"
	ProjectSection(ProjectDependencies) = postProject
		{8A43C87A-86F3-33CF-B1C5-A7B702F893F3} = {8A43C87A-86F3-33CF-B1C5-A7B702F893F3}
		{691AD5F5-2CF7-3F7B-B2CD-080AF26DCE82} = {691AD5F5-2CF7-3F7B-B2CD-080AF26DCE82}
		{D1970EF1-FA27-3CF1-B6EF-54B0A33461E5} = {D1970EF1-FA27-3CF1-B6EF-54B0A33461E5}
	EndProjectSection
EndProject
Project("{8BC9CEB8-8B4A-11D0-8D11-00A0C91BC942}") = "test_percentile", "tests\test_percentile.vcxproj", "{D65E589F-6390-36C0-91B5-876693630F0C}"
	ProjectSection(ProjectDependencies) = postProject
		{8A43C87A-86F3-33CF-B1C5-A7B702F893F3} = {8A43C87A-86F3-33CF-B1C5-A7B702F893F3}
		{691AD5F5-2CF7-3F7B-B2CD-080AF26DCE82} = {691AD5F5-2CF7-3F7B-B2CD-080AF26DCE82}
		{D1970EF1-FA27-3CF1-B6EF-54B0A33461E5} = {D1970EF1-FA27-3CF1-B6EF-54B0A33461E5}
	EndProjectSection
EndProject
Project("{8BC9CEB8-8B4A-11D0-8D11-00A0C91BC942}") = "test_perf_counter", "tests\test_perf_counter.vcxproj", "{870C82B3-F241-35A4-B6CA-D9556A01674E}"
	ProjectSection(ProjectDependencies) = postProject
		{8A43C87A-86F3-33CF-B1C5-A7B702F893F3} = {8A43C87A-86F3-33CF-B1C5-A7B702F893F3}
		{691AD5F5-2CF7-3F7B-B2CD-080AF26DCE82} = {691AD5F5-2CF7-3F7B-B2CD-080AF26DCE82}
		{D1970EF1-FA27-3CF1-B6EF-54B0A33461E5} = {D1970EF1-FA27-3CF1-B6EF-54B0A33461E5}
	EndProjectSection
EndProject
Project("{8BC9CEB8-8B4A-11D0-8D11-00A0C91BC942}") = "test_performance_models", "tests\test_performance_models.vcxproj", "{0AD3435C-AE73-3FAF-94C7-E0BF4F6DBF11}"
	ProjectSection(ProjectDependencies) = postProject
		{8A43C87A-86F3-33CF-B1C5-A7B702F893F3} = {8A43C87A-86F3-33CF-B1C5-A7B702F893F3}
	EndProjectSection
EndProject
Project("{8BC9CEB8-8B4A-11D0-8D11-00A0C91BC942}") = "test_phase2_strategies", "tests\test_phase2_strategies.vcxproj", "{136062ED-5D1A-34D9-90CE-3C0F84386D79}"
	ProjectSection(ProjectDependencies) = postProject
		{8A43C87A-86F3-33CF-B1C5-A7B702F893F3} = {8A43C87A-86F3-33CF-B1C5-A7B702F893F3}
	EndProjectSection
EndProject
Project("{8BC9CEB8-8B4A-11D0-8D11-00A0C91BC942}") = "test_phase3_fix_calibration", "tests\test_phase3_fix_calibration.vcxproj", "{4CB8A9B1-E038-326C-8D4E-2FF45D46ECC1}"
	ProjectSection(ProjectDependencies) = postProject
		{8A43C87A-86F3-33CF-B1C5-A7B702F893F3} = {8A43C87A-86F3-33CF-B1C5-A7B702F893F3}
	EndProjectSection
EndProject
Project("{8BC9CEB8-8B4A-11D0-8D11-00A0C91BC942}") = "test_segmentation_dp", "tests\test_segmentation_dp.vcxproj", "{62B40FD6-C927-3A73-8276-7A64EE1F8BD8}"
	ProjectSection(ProjectDependencies) = postProject
		{8A43C87A-86F3-33CF-B1C5-A7B702F893F3} = {8A43C87A-86F3-33CF-B1C5-A7B702F893F3}
		{691AD5F5-2CF7-3F7B-B2CD-080AF26DCE82} = {691AD5F5-2CF7-3F7B-B2CD-080AF26DCE82}
		{D1970EF1-FA27-3CF1-B6EF-54B0A33461E5} = {D1970EF1-FA27-3CF1-B6EF-54B0A33461E5}
	EndProjectSection
EndProject
Project("{8BC9CEB8-8B4A-11D0-8D11-00A0C91BC942}") = "test_select_and_run", "tests\test_select_and_run.vcxproj", "{E322A3D1-B406-3977-8B8A-AD4C9B2A6C0C}"
	ProjectSection(ProjectDependencies) = postProject
		{8A43C87A-86F3-33CF-B1C5-A7B702F893F3} = {8A43C87A-86F3-33CF-B1C5-A7B702F893F3}
		{691AD5F5-2CF7-3F7B-B2CD-080AF26DCE82} = {691AD5F5-2CF7-3F7B-B2CD-080AF26DCE82}
		{D1970EF1-FA27-3CF1-B6EF-54B0A33461E5} = {D1970EF1-FA27-3CF1-B6EF-54B0A33461E5}
	EndProjectSection
EndProject
Project("{8BC9CEB8-8B4A-11D0-8D11-00A0C91BC942}") = "test_solver_concepts", "tests\test_solver_concepts.vcxproj", "{35049D36-688F-3BBA-8BD8-B5745A15824C}"
	ProjectSection(ProjectDependencies) = postProject
		{8A43C87A-86F3-33CF-B1C5-A7B702F893F3} = {8A43C87A-86F3-33CF-B1C5-A7B702F893F3}
		{691AD5F5-2CF7-3F7B-B2CD-080AF26DCE82} = {691AD5F5-2CF7-3F7B-B2CD-080AF26DCE82}
		{D1970EF1-FA27-3CF1-B6EF-54B0A33461E5} = {D1970EF1-FA27-3CF1-B6EF-54B0A33461E5}
	EndProjectSection
EndProject
Project("{8BC9CEB8-8B4A-11D0-8D11-00A0C91BC942}") = "test_space_parameterised", "tests\test_space_parameterised.vcxproj", "{6A781FDA-8330-3386-BCDA-E1967292303D}"
	ProjectSection(ProjectDependencies) = postProject
		{8A43C87A-86F3-33CF-B1C5-A7B702F893F3} = {8A43C87A-86F3-33CF-B1C5-A7B702F893F3}
		{691AD5F5-2CF7-3F7B-B2CD-080AF26DCE82} = {691AD5F5-2CF7-3F7B-B2CD-080AF26DCE82}
		{D1970EF1-FA27-3CF1-B6EF-54B0A33461E5} = {D1970EF1-FA27-3CF1-B6EF-54B0A33461E5}
	EndProjectSection
EndProject
Project("{8BC9CEB8-8B4A-11D0-8D11-00A0C91BC942}") = "test_space_v072", "tests\test_space_v072.vcxproj", "{1C47B22F-6E8A-35A4-A540-02D167D85E11}"
	ProjectSection(ProjectDependencies) = postProject
		{8A43C87A-86F3-33CF-B1C5-A7B702F893F3} = {8A43C87A-86F3-33CF-B1C5-A7B702F893F3}
		{691AD5F5-2CF7-3F7B-B2CD-080AF26DCE82} = {691AD5F5-2CF7-3F7B-B2CD-080AF26DCE82}
		{D1970EF1-FA27-3CF1-B6EF-54B0A33461E5} = {D1970EF1-FA27-3CF1-B6EF-54B0A33461E5}
	EndProjectSection
EndProject
Project("{8BC9CEB8-8B4A-11D0-8D11-00A0C91BC942}") = "test_symmetric_graph", "tests\test_symmetric_graph.vcxproj", "{F57BD4C9-4145-3FD6-A843-0D4F71A8B355}"
	ProjectSection(ProjectDependencies) = postProject
		{8A43C87A-86F3-33CF-B1C5-A7B702F893F3} = {8A43C87A-86F3-33CF-B1C5-A7B702F893F3}
		{691AD5F5-2CF7-3F7B-B2CD-080AF26DCE82} = {691AD5F5-2CF7-3F7B-B2CD-080AF26DCE82}
		{D1970EF1-FA27-3CF1-B6EF-54B0A33461E5} = {D1970EF1-FA27-3CF1-B6EF-54B0A33461E5}
	EndProjectSection
EndProject
Project("{8BC9CEB8-8B4A-11D0-8D11-00A0C91BC942}") = "test_transforms", "tests\test_transforms.vcxproj", "{291BCE90-C369-3DB0-909A-2C41E4BB6985}"
	ProjectSection(ProjectDependencies) = postProject
		{8A43C87A-86F3-33CF-B1C5-A7B702F893F3} = {8A43C87A-86F3-33CF-B1C5-A7B702F893F3}
		{691AD5F5-2CF7-3F7B-B2CD-080AF26DCE82} = {691AD5F5-2CF7-3F7B-B2CD-080AF26DCE82}
		{D1970EF1-FA27-3CF1-B6EF-54B0A33461E5} = {D1970EF1-FA27-3CF1-B6EF-54B0A33461E5}
	EndProjectSection
EndProject
Project("{8BC9CEB8-8B4A-11D0-8D11-00A0C91BC942}") = "test_weighted_view", "tests\test_weighted_view.vcxproj", "{E2887B33-BB14-3399-8059-760C0FDD5CB4}"
	ProjectSection(ProjectDependencies) = postProject
		{8A43C87A-86F3-33CF-B1C5-A7B702F893F3} = {8A43C87A-86F3-33CF-B1C5-A7B702F893F3}
		{691AD5F5-2CF7-3F7B-B2CD-080AF26DCE82} = {691AD5F5-2CF7-3F7B-B2CD-080AF26DCE82}
		{D1970EF1-FA27-3CF1-B6EF-54B0A33461E5} = {D1970EF1-FA27-3CF1-B6EF-54B0A33461E5}
	EndProjectSection
EndProject
Global
	GlobalSection(SolutionConfigurationPlatforms) = preSolution
		Debug|x64 = Debug|x64
		Release|x64 = Release|x64
		MinSizeRel|x64 = MinSizeRel|x64
		RelWithDebInfo|x64 = RelWithDebInfo|x64
	EndGlobalSection
	GlobalSection(ProjectConfigurationPlatforms) = postSolution
		{3A7E8E4B-46D6-3EB6-BD4E-FAD75053695B}.Debug|x64.ActiveCfg = Debug|x64
		{3A7E8E4B-46D6-3EB6-BD4E-FAD75053695B}.Debug|x64.Build.0 = Debug|x64
		{3A7E8E4B-46D6-3EB6-BD4E-FAD75053695B}.Release|x64.ActiveCfg = Release|x64
		{3A7E8E4B-46D6-3EB6-BD4E-FAD75053695B}.Release|x64.Build.0 = Release|x64
		{3A7E8E4B-46D6-3EB6-BD4E-FAD75053695B}.MinSizeRel|x64.ActiveCfg = MinSizeRel|x64
		{3A7E8E4B-46D6-3EB6-BD4E-FAD75053695B}.MinSizeRel|x64.Build.0 = MinSizeRel|x64
		{3A7E8E4B-46D6-3EB6-BD4E-FAD75053695B}.RelWithDebInfo|x64.ActiveCfg = RelWithDebInfo|x64
		{3A7E8E4B-46D6-3EB6-BD4E-FAD75053695B}.RelWithDebInfo|x64.Build.0 = RelWithDebInfo|x64
		{A11C6DA7-9F3A-36E8-A47E-8E0B4FDA7A50}.Debug|x64.ActiveCfg = Debug|x64
		{A11C6DA7-9F3A-36E8-A47E-8E0B4FDA7A50}.Release|x64.ActiveCfg = Release|x64
		{A11C6DA7-9F3A-36E8-A47E-8E0B4FDA7A50}.MinSizeRel|x64.ActiveCfg = MinSizeRel|x64
		{A11C6DA7-9F3A-36E8-A47E-8E0B4FDA7A50}.RelWithDebInfo|x64.ActiveCfg = RelWithDebInfo|x64
		{AA5C3891-32D5-3145-8197-1CF4C87F948D}.Debug|x64.ActiveCfg = Debug|x64
		{AA5C3891-32D5-3145-8197-1CF4C87F948D}.Release|x64.ActiveCfg = Release|x64
		{AA5C3891-32D5-3145-8197-1CF4C87F948D}.MinSizeRel|x64.ActiveCfg = MinSizeRel|x64
		{AA5C3891-32D5-3145-8197-1CF4C87F948D}.RelWithDebInfo|x64.ActiveCfg = RelWithDebInfo|x64
		{8A43C87A-86F3-33CF-B1C5-A7B702F893F3}.Debug|x64.ActiveCfg = Debug|x64
		{8A43C87A-86F3-33CF-B1C5-A7B702F893F3}.Debug|x64.Build.0 = Debug|x64
		{8A43C87A-86F3-33CF-B1C5-A7B702F893F3}.Release|x64.ActiveCfg = Release|x64
		{8A43C87A-86F3-33CF-B1C5-A7B702F893F3}.Release|x64.Build.0 = Release|x64
		{8A43C87A-86F3-33CF-B1C5-A7B702F893F3}.MinSizeRel|x64.ActiveCfg = MinSizeRel|x64
		{8A43C87A-86F3-33CF-B1C5-A7B702F893F3}.MinSizeRel|x64.Build.0 = MinSizeRel|x64
		{8A43C87A-86F3-33CF-B1C5-A7B702F893F3}.RelWithDebInfo|x64.ActiveCfg = RelWithDebInfo|x64
		{8A43C87A-86F3-33CF-B1C5-A7B702F893F3}.RelWithDebInfo|x64.Build.0 = RelWithDebInfo|x64
		{1490F290-32E8-36D6-828B-F8AB860F0459}.Debug|x64.ActiveCfg = Debug|x64
		{1490F290-32E8-36D6-828B-F8AB860F0459}.Debug|x64.Build.0 = Debug|x64
		{1490F290-32E8-36D6-828B-F8AB860F0459}.Release|x64.ActiveCfg = Release|x64
		{1490F290-32E8-36D6-828B-F8AB860F0459}.Release|x64.Build.0 = Release|x64
		{1490F290-32E8-36D6-828B-F8AB860F0459}.MinSizeRel|x64.ActiveCfg = MinSizeRel|x64
		{1490F290-32E8-36D6-828B-F8AB860F0459}.MinSizeRel|x64.Build.0 = MinSizeRel|x64
		{1490F290-32E8-36D6-828B-F8AB860F0459}.RelWithDebInfo|x64.ActiveCfg = RelWithDebInfo|x64
		{1490F290-32E8-36D6-828B-F8AB860F0459}.RelWithDebInfo|x64.Build.0 = RelWithDebInfo|x64
		{5E7D3142-422C-3612-AE87-43515F3BBAC8}.Debug|x64.ActiveCfg = Debug|x64
		{5E7D3142-422C-3612-AE87-43515F3BBAC8}.Release|x64.ActiveCfg = Release|x64
		{5E7D3142-422C-3612-AE87-43515F3BBAC8}.MinSizeRel|x64.ActiveCfg = MinSizeRel|x64
		{5E7D3142-422C-3612-AE87-43515F3BBAC8}.RelWithDebInfo|x64.ActiveCfg = RelWithDebInfo|x64
		{6C637317-A379-3E17-9945-94A8825B8262}.Debug|x64.ActiveCfg = Debug|x64
		{6C637317-A379-3E17-9945-94A8825B8262}.Debug|x64.Build.0 = Debug|x64
		{6C637317-A379-3E17-9945-94A8825B8262}.Release|x64.ActiveCfg = Release|x64
		{6C637317-A379-3E17-9945-94A8825B8262}.Release|x64.Build.0 = Release|x64
		{6C637317-A379-3E17-9945-94A8825B8262}.MinSizeRel|x64.ActiveCfg = MinSizeRel|x64
		{6C637317-A379-3E17-9945-94A8825B8262}.MinSizeRel|x64.Build.0 = MinSizeRel|x64
		{6C637317-A379-3E17-9945-94A8825B8262}.RelWithDebInfo|x64.ActiveCfg = RelWithDebInfo|x64
		{6C637317-A379-3E17-9945-94A8825B8262}.RelWithDebInfo|x64.Build.0 = RelWithDebInfo|x64
		{D11E9489-268C-3047-A56A-99A30C4DB602}.Debug|x64.ActiveCfg = Debug|x64
		{D11E9489-268C-3047-A56A-99A30C4DB602}.Debug|x64.Build.0 = Debug|x64
		{D11E9489-268C-3047-A56A-99A30C4DB602}.Release|x64.ActiveCfg = Release|x64
		{D11E9489-268C-3047-A56A-99A30C4DB602}.Release|x64.Build.0 = Release|x64
		{D11E9489-268C-3047-A56A-99A30C4DB602}.MinSizeRel|x64.ActiveCfg = MinSizeRel|x64
		{D11E9489-268C-3047-A56A-99A30C4DB602}.MinSizeRel|x64.Build.0 = MinSizeRel|x64
		{D11E9489-268C-3047-A56A-99A30C4DB602}.RelWithDebInfo|x64.ActiveCfg = RelWithDebInfo|x64
		{D11E9489-268C-3047-A56A-99A30C4DB602}.RelWithDebInfo|x64.Build.0 = RelWithDebInfo|x64
		{2176F536-9D02-39FB-88B6-CF01C2FAE4DF}.Debug|x64.ActiveCfg = Debug|x64
		{2176F536-9D02-39FB-88B6-CF01C2FAE4DF}.Debug|x64.Build.0 = Debug|x64
		{2176F536-9D02-39FB-88B6-CF01C2FAE4DF}.Release|x64.ActiveCfg = Release|x64
		{2176F536-9D02-39FB-88B6-CF01C2FAE4DF}.Release|x64.Build.0 = Release|x64
		{2176F536-9D02-39FB-88B6-CF01C2FAE4DF}.MinSizeRel|x64.ActiveCfg = MinSizeRel|x64
		{2176F536-9D02-39FB-88B6-CF01C2FAE4DF}.MinSizeRel|x64.Build.0 = MinSizeRel|x64
		{2176F536-9D02-39FB-88B6-CF01C2FAE4DF}.RelWithDebInfo|x64.ActiveCfg = RelWithDebInfo|x64
		{2176F536-9D02-39FB-88B6-CF01C2FAE4DF}.RelWithDebInfo|x64.Build.0 = RelWithDebInfo|x64
		{283BD0E1-4EE5-395D-B7FA-9E484457A503}.Debug|x64.ActiveCfg = Debug|x64
		{283BD0E1-4EE5-395D-B7FA-9E484457A503}.Debug|x64.Build.0 = Debug|x64
		{283BD0E1-4EE5-395D-B7FA-9E484457A503}.Release|x64.ActiveCfg = Release|x64
		{283BD0E1-4EE5-395D-B7FA-9E484457A503}.Release|x64.Build.0 = Release|x64
		{283BD0E1-4EE5-395D-B7FA-9E484457A503}.MinSizeRel|x64.ActiveCfg = MinSizeRel|x64
		{283BD0E1-4EE5-395D-B7FA-9E484457A503}.MinSizeRel|x64.Build.0 = MinSizeRel|x64
		{283BD0E1-4EE5-395D-B7FA-9E484457A503}.RelWithDebInfo|x64.ActiveCfg = RelWithDebInfo|x64
		{283BD0E1-4EE5-395D-B7FA-9E484457A503}.RelWithDebInfo|x64.Build.0 = RelWithDebInfo|x64
		{CB41C62B-5D1F-3AB9-88E5-CC4F26713254}.Debug|x64.ActiveCfg = Debug|x64
		{CB41C62B-5D1F-3AB9-88E5-CC4F26713254}.Debug|x64.Build.0 = Debug|x64
		{CB41C62B-5D1F-3AB9-88E5-CC4F26713254}.Release|x64.ActiveCfg = Release|x64
		{CB41C62B-5D1F-3AB9-88E5-CC4F26713254}.Release|x64.Build.0 = Release|x64
		{CB41C62B-5D1F-3AB9-88E5-CC4F26713254}.MinSizeRel|x64.ActiveCfg = MinSizeRel|x64
		{CB41C62B-5D1F-3AB9-88E5-CC4F26713254}.MinSizeRel|x64.Build.0 = MinSizeRel|x64
		{CB41C62B-5D1F-3AB9-88E5-CC4F26713254}.RelWithDebInfo|x64.ActiveCfg = RelWithDebInfo|x64
		{CB41C62B-5D1F-3AB9-88E5-CC4F26713254}.RelWithDebInfo|x64.Build.0 = RelWithDebInfo|x64
		{76992CB0-9FFA-32A3-84E8-51BF8CD50C40}.Debug|x64.ActiveCfg = Debug|x64
		{76992CB0-9FFA-32A3-84E8-51BF8CD50C40}.Debug|x64.Build.0 = Debug|x64
		{76992CB0-9FFA-32A3-84E8-51BF8CD50C40}.Release|x64.ActiveCfg = Release|x64
		{76992CB0-9FFA-32A3-84E8-51BF8CD50C40}.Release|x64.Build.0 = Release|x64
		{76992CB0-9FFA-32A3-84E8-51BF8CD50C40}.MinSizeRel|x64.ActiveCfg = MinSizeRel|x64
		{76992CB0-9FFA-32A3-84E8-51BF8CD50C40}.MinSizeRel|x64.Build.0 = MinSizeRel|x64
		{76992CB0-9FFA-32A3-84E8-51BF8CD50C40}.RelWithDebInfo|x64.ActiveCfg = RelWithDebInfo|x64
		{76992CB0-9FFA-32A3-84E8-51BF8CD50C40}.RelWithDebInfo|x64.Build.0 = RelWithDebInfo|x64
		{6C87D8D1-58EB-32D9-BC28-24FFFFDF9BC0}.Debug|x64.ActiveCfg = Debug|x64
		{6C87D8D1-58EB-32D9-BC28-24FFFFDF9BC0}.Debug|x64.Build.0 = Debug|x64
		{6C87D8D1-58EB-32D9-BC28-24FFFFDF9BC0}.Release|x64.ActiveCfg = Release|x64
		{6C87D8D1-58EB-32D9-BC28-24FFFFDF9BC0}.Release|x64.Build.0 = Release|x64
		{6C87D8D1-58EB-32D9-BC28-24FFFFDF9BC0}.MinSizeRel|x64.ActiveCfg = MinSizeRel|x64
		{6C87D8D1-58EB-32D9-BC28-24FFFFDF9BC0}.MinSizeRel|x64.Build.0 = MinSizeRel|x64
		{6C87D8D1-58EB-32D9-BC28-24FFFFDF9BC0}.RelWithDebInfo|x64.ActiveCfg = RelWithDebInfo|x64
		{6C87D8D1-58EB-32D9-BC28-24FFFFDF9BC0}.RelWithDebInfo|x64.Build.0 = RelWithDebInfo|x64
		{C19BF394-E76E-380A-962A-484F05BA4409}.Debug|x64.ActiveCfg = Debug|x64
		{C19BF394-E76E-380A-962A-484F05BA4409}.Debug|x64.Build.0 = Debug|x64
		{C19BF394-E76E-380A-962A-484F05BA4409}.Release|x64.ActiveCfg = Release|x64
		{C19BF394-E76E-380A-962A-484F05BA4409}.Release|x64.Build.0 = Release|x64
		{C19BF394-E76E-380A-962A-484F05BA4409}.MinSizeRel|x64.ActiveCfg = MinSizeRel|x64
		{C19BF394-E76E-380A-962A-484F05BA4409}.MinSizeRel|x64.Build.0 = MinSizeRel|x64
		{C19BF394-E76E-380A-962A-484F05BA4409}.RelWithDebInfo|x64.ActiveCfg = RelWithDebInfo|x64
		{C19BF394-E76E-380A-962A-484F05BA4409}.RelWithDebInfo|x64.Build.0 = RelWithDebInfo|x64
		{A70FDD1D-ECA8-35FE-9D26-2EBBA1EF6E0F}.Debug|x64.ActiveCfg = Debug|x64
		{A70FDD1D-ECA8-35FE-9D26-2EBBA1EF6E0F}.Debug|x64.Build.0 = Debug|x64
		{A70FDD1D-ECA8-35FE-9D26-2EBBA1EF6E0F}.Release|x64.ActiveCfg = Release|x64
		{A70FDD1D-ECA8-35FE-9D26-2EBBA1EF6E0F}.Release|x64.Build.0 = Release|x64
		{A70FDD1D-ECA8-35FE-9D26-2EBBA1EF6E0F}.MinSizeRel|x64.ActiveCfg = MinSizeRel|x64
		{A70FDD1D-ECA8-35FE-9D26-2EBBA1EF6E0F}.MinSizeRel|x64.Build.0 = MinSizeRel|x64
		{A70FDD1D-ECA8-35FE-9D26-2EBBA1EF6E0F}.RelWithDebInfo|x64.ActiveCfg = RelWithDebInfo|x64
		{A70FDD1D-ECA8-35FE-9D26-2EBBA1EF6E0F}.RelWithDebInfo|x64.Build.0 = RelWithDebInfo|x64
		{1132EF9B-DDEA-39B8-9A0F-9A54C5F8E643}.Debug|x64.ActiveCfg = Debug|x64
		{1132EF9B-DDEA-39B8-9A0F-9A54C5F8E643}.Debug|x64.Build.0 = Debug|x64
		{1132EF9B-DDEA-39B8-9A0F-9A54C5F8E643}.Release|x64.ActiveCfg = Release|x64
		{1132EF9B-DDEA-39B8-9A0F-9A54C5F8E643}.Release|x64.Build.0 = Release|x64
		{1132EF9B-DDEA-39B8-9A0F-9A54C5F8E643}.MinSizeRel|x64.ActiveCfg = MinSizeRel|x64
		{1132EF9B-DDEA-39B8-9A0F-9A54C5F8E643}.MinSizeRel|x64.Build.0 = MinSizeRel|x64
		{1132EF9B-DDEA-39B8-9A0F-9A54C5F8E643}.RelWithDebInfo|x64.ActiveCfg = RelWithDebInfo|x64
		{1132EF9B-DDEA-39B8-9A0F-9A54C5F8E643}.RelWithDebInfo|x64.Build.0 = RelWithDebInfo|x64
		{8C8B3A34-0B64-3429-88E7-68F6D3D93426}.Debug|x64.ActiveCfg = Debug|x64
		{8C8B3A34-0B64-3429-88E7-68F6D3D93426}.Debug|x64.Build.0 = Debug|x64
		{8C8B3A34-0B64-3429-88E7-68F6D3D93426}.Release|x64.ActiveCfg = Release|x64
		{8C8B3A34-0B64-3429-88E7-68F6D3D93426}.Release|x64.Build.0 = Release|x64
		{8C8B3A34-0B64-3429-88E7-68F6D3D93426}.MinSizeRel|x64.ActiveCfg = MinSizeRel|x64
		{8C8B3A34-0B64-3429-88E7-68F6D3D93426}.MinSizeRel|x64.Build.0 = MinSizeRel|x64
		{8C8B3A34-0B64-3429-88E7-68F6D3D93426}.RelWithDebInfo|x64.ActiveCfg = RelWithDebInfo|x64
		{8C8B3A34-0B64-3429-88E7-68F6D3D93426}.RelWithDebInfo|x64.Build.0 = RelWithDebInfo|x64
		{D3949491-72E4-3C38-8157-061B4343C74A}.Debug|x64.ActiveCfg = Debug|x64
		{D3949491-72E4-3C38-8157-061B4343C74A}.Debug|x64.Build.0 = Debug|x64
		{D3949491-72E4-3C38-8157-061B4343C74A}.Release|x64.ActiveCfg = Release|x64
		{D3949491-72E4-3C38-8157-061B4343C74A}.Release|x64.Build.0 = Release|x64
		{D3949491-72E4-3C38-8157-061B4343C74A}.MinSizeRel|x64.ActiveCfg = MinSizeRel|x64
		{D3949491-72E4-3C38-8157-061B4343C74A}.MinSizeRel|x64.Build.0 = MinSizeRel|x64
		{D3949491-72E4-3C38-8157-061B4343C74A}.RelWithDebInfo|x64.ActiveCfg = RelWithDebInfo|x64
		{D3949491-72E4-3C38-8157-061B4343C74A}.RelWithDebInfo|x64.Build.0 = RelWithDebInfo|x64
		{2C023281-23EB-3195-94A4-698D6D7FFA7A}.Debug|x64.ActiveCfg = Debug|x64
		{2C023281-23EB-3195-94A4-698D6D7FFA7A}.Debug|x64.Build.0 = Debug|x64
		{2C023281-23EB-3195-94A4-698D6D7FFA7A}.Release|x64.ActiveCfg = Release|x64
		{2C023281-23EB-3195-94A4-698D6D7FFA7A}.Release|x64.Build.0 = Release|x64
		{2C023281-23EB-3195-94A4-698D6D7FFA7A}.MinSizeRel|x64.ActiveCfg = MinSizeRel|x64
		{2C023281-23EB-3195-94A4-698D6D7FFA7A}.MinSizeRel|x64.Build.0 = MinSizeRel|x64
		{2C023281-23EB-3195-94A4-698D6D7FFA7A}.RelWithDebInfo|x64.ActiveCfg = RelWithDebInfo|x64
		{2C023281-23EB-3195-94A4-698D6D7FFA7A}.RelWithDebInfo|x64.Build.0 = RelWithDebInfo|x64
		{F453F0AA-59DD-3C11-878C-35782EDBF825}.Debug|x64.ActiveCfg = Debug|x64
		{F453F0AA-59DD-3C11-878C-35782EDBF825}.Debug|x64.Build.0 = Debug|x64
		{F453F0AA-59DD-3C11-878C-35782EDBF825}.Release|x64.ActiveCfg = Release|x64
		{F453F0AA-59DD-3C11-878C-35782EDBF825}.Release|x64.Build.0 = Release|x64
		{F453F0AA-59DD-3C11-878C-35782EDBF825}.MinSizeRel|x64.ActiveCfg = MinSizeRel|x64
		{F453F0AA-59DD-3C11-878C-35782EDBF825}.MinSizeRel|x64.Build.0 = MinSizeRel|x64
		{F453F0AA-59DD-3C11-878C-35782EDBF825}.RelWithDebInfo|x64.ActiveCfg = RelWithDebInfo|x64
		{F453F0AA-59DD-3C11-878C-35782EDBF825}.RelWithDebInfo|x64.Build.0 = RelWithDebInfo|x64
		{691AD5F5-2CF7-3F7B-B2CD-080AF26DCE82}.Debug|x64.ActiveCfg = Debug|x64
		{691AD5F5-2CF7-3F7B-B2CD-080AF26DCE82}.Debug|x64.Build.0 = Debug|x64
		{691AD5F5-2CF7-3F7B-B2CD-080AF26DCE82}.Release|x64.ActiveCfg = Release|x64
		{691AD5F5-2CF7-3F7B-B2CD-080AF26DCE82}.Release|x64.Build.0 = Release|x64
		{691AD5F5-2CF7-3F7B-B2CD-080AF26DCE82}.MinSizeRel|x64.ActiveCfg = MinSizeRel|x64
		{691AD5F5-2CF7-3F7B-B2CD-080AF26DCE82}.MinSizeRel|x64.Build.0 = MinSizeRel|x64
		{691AD5F5-2CF7-3F7B-B2CD-080AF26DCE82}.RelWithDebInfo|x64.ActiveCfg = RelWithDebInfo|x64
		{691AD5F5-2CF7-3F7B-B2CD-080AF26DCE82}.RelWithDebInfo|x64.Build.0 = RelWithDebInfo|x64
		{D1970EF1-FA27-3CF1-B6EF-54B0A33461E5}.Debug|x64.ActiveCfg = Debug|x64
		{D1970EF1-FA27-3CF1-B6EF-54B0A33461E5}.Debug|x64.Build.0 = Debug|x64
		{D1970EF1-FA27-3CF1-B6EF-54B0A33461E5}.Release|x64.ActiveCfg = Release|x64
		{D1970EF1-FA27-3CF1-B6EF-54B0A33461E5}.Release|x64.Build.0 = Release|x64
		{D1970EF1-FA27-3CF1-B6EF-54B0A33461E5}.MinSizeRel|x64.ActiveCfg = MinSizeRel|x64
		{D1970EF1-FA27-3CF1-B6EF-54B0A33461E5}.MinSizeRel|x64.Build.0 = MinSizeRel|x64
		{D1970EF1-FA27-3CF1-B6EF-54B0A33461E5}.RelWithDebInfo|x64.ActiveCfg = RelWithDebInfo|x64
		{D1970EF1-FA27-3CF1-B6EF-54B0A33461E5}.RelWithDebInfo|x64.Build.0 = RelWithDebInfo|x64
		{9CA42B6D-4CEE-34B3-886A-1E92EFA1B7FB}.Debug|x64.ActiveCfg = Debug|x64
		{9CA42B6D-4CEE-34B3-886A-1E92EFA1B7FB}.Debug|x64.Build.0 = Debug|x64
		{9CA42B6D-4CEE-34B3-886A-1E92EFA1B7FB}.Release|x64.ActiveCfg = Release|x64
		{9CA42B6D-4CEE-34B3-886A-1E92EFA1B7FB}.Release|x64.Build.0 = Release|x64
		{9CA42B6D-4CEE-34B3-886A-1E92EFA1B7FB}.MinSizeRel|x64.ActiveCfg = MinSizeRel|x64
		{9CA42B6D-4CEE-34B3-886A-1E92EFA1B7FB}.MinSizeRel|x64.Build.0 = MinSizeRel|x64
		{9CA42B6D-4CEE-34B3-886A-1E92EFA1B7FB}.RelWithDebInfo|x64.ActiveCfg = RelWithDebInfo|x64
		{9CA42B6D-4CEE-34B3-886A-1E92EFA1B7FB}.RelWithDebInfo|x64.Build.0 = RelWithDebInfo|x64
		{5AAEBFA0-5F96-30D5-B251-82DB01536367}.Debug|x64.ActiveCfg = Debug|x64
		{5AAEBFA0-5F96-30D5-B251-82DB01536367}.Debug|x64.Build.0 = Debug|x64
		{5AAEBFA0-5F96-30D5-B251-82DB01536367}.Release|x64.ActiveCfg = Release|x64
		{5AAEBFA0-5F96-30D5-B251-82DB01536367}.Release|x64.Build.0 = Release|x64
		{5AAEBFA0-5F96-30D5-B251-82DB01536367}.MinSizeRel|x64.ActiveCfg = MinSizeRel|x64
		{5AAEBFA0-5F96-30D5-B251-82DB01536367}.MinSizeRel|x64.Build.0 = MinSizeRel|x64
		{5AAEBFA0-5F96-30D5-B251-82DB01536367}.RelWithDebInfo|x64.ActiveCfg = RelWithDebInfo|x64
		{5AAEBFA0-5F96-30D5-B251-82DB01536367}.RelWithDebInfo|x64.Build.0 = RelWithDebInfo|x64
		{4E35908F-02E0-360E-A972-88C94F14BC74}.Debug|x64.ActiveCfg = Debug|x64
		{4E35908F-02E0-360E-A972-88C94F14BC74}.Debug|x64.Build.0 = Debug|x64
		{4E35908F-02E0-360E-A972-88C94F14BC74}.Release|x64.ActiveCfg = Release|x64
		{4E35908F-02E0-360E-A972-88C94F14BC74}.Release|x64.Build.0 = Release|x64
		{4E35908F-02E0-360E-A972-88C94F14BC74}.MinSizeRel|x64.ActiveCfg = MinSizeRel|x64
		{4E35908F-02E0-360E-A972-88C94F14BC74}.MinSizeRel|x64.Build.0 = MinSizeRel|x64
		{4E35908F-02E0-360E-A972-88C94F14BC74}.RelWithDebInfo|x64.ActiveCfg = RelWithDebInfo|x64
		{4E35908F-02E0-360E-A972-88C94F14BC74}.RelWithDebInfo|x64.Build.0 = RelWithDebInfo|x64
		{2ABA7793-1452-398D-A8AD-19D39E250866}.Debug|x64.ActiveCfg = Debug|x64
		{2ABA7793-1452-398D-A8AD-19D39E250866}.Debug|x64.Build.0 = Debug|x64
		{2ABA7793-1452-398D-A8AD-19D39E250866}.Release|x64.ActiveCfg = Release|x64
		{2ABA7793-1452-398D-A8AD-19D39E250866}.Release|x64.Build.0 = Release|x64
		{2ABA7793-1452-398D-A8AD-19D39E250866}.MinSizeRel|x64.ActiveCfg = MinSizeRel|x64
		{2ABA7793-1452-398D-A8AD-19D39E250866}.MinSizeRel|x64.Build.0 = MinSizeRel|x64
		{2ABA7793-1452-398D-A8AD-19D39E250866}.RelWithDebInfo|x64.ActiveCfg = RelWithDebInfo|x64
		{2ABA7793-1452-398D-A8AD-19D39E250866}.RelWithDebInfo|x64.Build.0 = RelWithDebInfo|x64
		{3F16584E-3C10-3559-94E5-FEF375C00EE5}.Debug|x64.ActiveCfg = Debug|x64
		{3F16584E-3C10-3559-94E5-FEF375C00EE5}.Debug|x64.Build.0 = Debug|x64
		{3F16584E-3C10-3559-94E5-FEF375C00EE5}.Release|x64.ActiveCfg = Release|x64
		{3F16584E-3C10-3559-94E5-FEF375C00EE5}.Release|x64.Build.0 = Release|x64
		{3F16584E-3C10-3559-94E5-FEF375C00EE5}.MinSizeRel|x64.ActiveCfg = MinSizeRel|x64
		{3F16584E-3C10-3559-94E5-FEF375C00EE5}.MinSizeRel|x64.Build.0 = MinSizeRel|x64
		{3F16584E-3C10-3559-94E5-FEF375C00EE5}.RelWithDebInfo|x64.ActiveCfg = RelWithDebInfo|x64
		{3F16584E-3C10-3559-94E5-FEF375C00EE5}.RelWithDebInfo|x64.Build.0 = RelWithDebInfo|x64
		{FD06DD5B-BDE7-3631-A2ED-F4708207DC5E}.Debug|x64.ActiveCfg = Debug|x64
		{FD06DD5B-BDE7-3631-A2ED-F4708207DC5E}.Debug|x64.Build.0 = Debug|x64
		{FD06DD5B-BDE7-3631-A2ED-F4708207DC5E}.Release|x64.ActiveCfg = Release|x64
		{FD06DD5B-BDE7-3631-A2ED-F4708207DC5E}.Release|x64.Build.0 = Release|x64
		{FD06DD5B-BDE7-3631-A2ED-F4708207DC5E}.MinSizeRel|x64.ActiveCfg = MinSizeRel|x64
		{FD06DD5B-BDE7-3631-A2ED-F4708207DC5E}.MinSizeRel|x64.Build.0 = MinSizeRel|x64
		{FD06DD5B-BDE7-3631-A2ED-F4708207DC5E}.RelWithDebInfo|x64.ActiveCfg = RelWithDebInfo|x64
		{FD06DD5B-BDE7-3631-A2ED-F4708207DC5E}.RelWithDebInfo|x64.Build.0 = RelWithDebInfo|x64
		{7DB5501A-DB18-3C62-A414-63FFA2090931}.Debug|x64.ActiveCfg = Debug|x64
		{7DB5501A-DB18-3C62-A414-63FFA2090931}.Debug|x64.Build.0 = Debug|x64
		{7DB5501A-DB18-3C62-A414-63FFA2090931}.Release|x64.ActiveCfg = Release|x64
		{7DB5501A-DB18-3C62-A414-63FFA2090931}.Release|x64.Build.0 = Release|x64
		{7DB5501A-DB18-3C62-A414-63FFA2090931}.MinSizeRel|x64.ActiveCfg = MinSizeRel|x64
		{7DB5501A-DB18-3C62-A414-63FFA2090931}.MinSizeRel|x64.Build.0 = MinSizeRel|x64
		{7DB5501A-DB18-3C62-A414-63FFA2090931}.RelWithDebInfo|x64.ActiveCfg = RelWithDebInfo|x64
		{7DB5501A-DB18-3C62-A414-63FFA2090931}.RelWithDebInfo|x64.Build.0 = RelWithDebInfo|x64
		{61E93429-4666-3BBB-A2D9-BC168E8A7B64}.Debug|x64.ActiveCfg = Debug|x64
		{61E93429-4666-3BBB-A2D9-BC168E8A7B64}.Debug|x64.Build.0 = Debug|x64
		{61E93429-4666-3BBB-A2D9-BC168E8A7B64}.Release|x64.ActiveCfg = Release|x64
		{61E93429-4666-3BBB-A2D9-BC168E8A7B64}.Release|x64.Build.0 = Release|x64
		{61E93429-4666-3BBB-A2D9-BC168E8A7B64}.MinSizeRel|x64.ActiveCfg = MinSizeRel|x64
		{61E93429-4666-3BBB-A2D9-BC168E8A7B64}.MinSizeRel|x64.Build.0 = MinSizeRel|x64
		{61E93429-4666-3BBB-A2D9-BC168E8A7B64}.RelWithDebInfo|x64.ActiveCfg = RelWithDebInfo|x64
		{61E93429-4666-3BBB-A2D9-BC168E8A7B64}.RelWithDebInfo|x64.Build.0 = RelWithDebInfo|x64
		{AE6B30FE-5EB5-3580-801F-366998E951D5}.Debug|x64.ActiveCfg = Debug|x64
		{AE6B30FE-5EB5-3580-801F-366998E951D5}.Debug|x64.Build.0 = Debug|x64
		{AE6B30FE-5EB5-3580-801F-366998E951D5}.Release|x64.ActiveCfg = Release|x64
		{AE6B30FE-5EB5-3580-801F-366998E951D5}.Release|x64.Build.0 = Release|x64
		{AE6B30FE-5EB5-3580-801F-366998E951D5}.MinSizeRel|x64.ActiveCfg = MinSizeRel|x64
		{AE6B30FE-5EB5-3580-801F-366998E951D5}.MinSizeRel|x64.Build.0 = MinSizeRel|x64
		{AE6B30FE-5EB5-3580-801F-366998E951D5}.RelWithDebInfo|x64.ActiveCfg = RelWithDebInfo|x64
		{AE6B30FE-5EB5-3580-801F-366998E951D5}.RelWithDebInfo|x64.Build.0 = RelWithDebInfo|x64
		{50F9F2AF-70D7-38E5-9699-0E548FE51F3D}.Debug|x64.ActiveCfg = Debug|x64
		{50F9F2AF-70D7-38E5-9699-0E548FE51F3D}.Debug|x64.Build.0 = Debug|x64
		{50F9F2AF-70D7-38E5-9699-0E548FE51F3D}.Release|x64.ActiveCfg = Release|x64
		{50F9F2AF-70D7-38E5-9699-0E548FE51F3D}.Release|x64.Build.0 = Release|x64
		{50F9F2AF-70D7-38E5-9699-0E548FE51F3D}.MinSizeRel|x64.ActiveCfg = MinSizeRel|x64
		{50F9F2AF-70D7-38E5-9699-0E548FE51F3D}.MinSizeRel|x64.Build.0 = MinSizeRel|x64
		{50F9F2AF-70D7-38E5-9699-0E548FE51F3D}.RelWithDebInfo|x64.ActiveCfg = RelWithDebInfo|x64
		{50F9F2AF-70D7-38E5-9699-0E548FE51F3D}.RelWithDebInfo|x64.Build.0 = RelWithDebInfo|x64
		{4C8585AD-AAA6-324C-BCFE-02EFB974EFA3}.Debug|x64.ActiveCfg = Debug|x64
		{4C8585AD-AAA6-324C-BCFE-02EFB974EFA3}.Debug|x64.Build.0 = Debug|x64
		{4C8585AD-AAA6-324C-BCFE-02EFB974EFA3}.Release|x64.ActiveCfg = Release|x64
		{4C8585AD-AAA6-324C-BCFE-02EFB974EFA3}.Release|x64.Build.0 = Release|x64
		{4C8585AD-AAA6-324C-BCFE-02EFB974EFA3}.MinSizeRel|x64.ActiveCfg = MinSizeRel|x64
		{4C8585AD-AAA6-324C-BCFE-02EFB974EFA3}.MinSizeRel|x64.Build.0 = MinSizeRel|x64
		{4C8585AD-AAA6-324C-BCFE-02EFB974EFA3}.RelWithDebInfo|x64.ActiveCfg = RelWithDebInfo|x64
		{4C8585AD-AAA6-324C-BCFE-02EFB974EFA3}.RelWithDebInfo|x64.Build.0 = RelWithDebInfo|x64
		{AD83B4A6-4210-37C9-A82A-2379C9AD87D4}.Debug|x64.ActiveCfg = Debug|x64
		{AD83B4A6-4210-37C9-A82A-2379C9AD87D4}.Debug|x64.Build.0 = Debug|x64
		{AD83B4A6-4210-37C9-A82A-2379C9AD87D4}.Release|x64.ActiveCfg = Release|x64
		{AD83B4A6-4210-37C9-A82A-2379C9AD87D4}.Release|x64.Build.0 = Release|x64
		{AD83B4A6-4210-37C9-A82A-2379C9AD87D4}.MinSizeRel|x64.ActiveCfg = MinSizeRel|x64
		{AD83B4A6-4210-37C9-A82A-2379C9AD87D4}.MinSizeRel|x64.Build.0 = MinSizeRel|x64
		{AD83B4A6-4210-37C9-A82A-2379C9AD87D4}.RelWithDebInfo|x64.ActiveCfg = RelWithDebInfo|x64
		{AD83B4A6-4210-37C9-A82A-2379C9AD87D4}.RelWithDebInfo|x64.Build.0 = RelWithDebInfo|x64
		{32C96C9A-E574-3DA1-BDDA-74AAE995B41B}.Debug|x64.ActiveCfg = Debug|x64
		{32C96C9A-E574-3DA1-BDDA-74AAE995B41B}.Debug|x64.Build.0 = Debug|x64
		{32C96C9A-E574-3DA1-BDDA-74AAE995B41B}.Release|x64.ActiveCfg = Release|x64
		{32C96C9A-E574-3DA1-BDDA-74AAE995B41B}.Release|x64.Build.0 = Release|x64
		{32C96C9A-E574-3DA1-BDDA-74AAE995B41B}.MinSizeRel|x64.ActiveCfg = MinSizeRel|x64
		{32C96C9A-E574-3DA1-BDDA-74AAE995B41B}.MinSizeRel|x64.Build.0 = MinSizeRel|x64
		{32C96C9A-E574-3DA1-BDDA-74AAE995B41B}.RelWithDebInfo|x64.ActiveCfg = RelWithDebInfo|x64
		{32C96C9A-E574-3DA1-BDDA-74AAE995B41B}.RelWithDebInfo|x64.Build.0 = RelWithDebInfo|x64
		{5FDA8F02-7D7D-31C9-822F-37119AE95C74}.Debug|x64.ActiveCfg = Debug|x64
		{5FDA8F02-7D7D-31C9-822F-37119AE95C74}.Debug|x64.Build.0 = Debug|x64
		{5FDA8F02-7D7D-31C9-822F-37119AE95C74}.Release|x64.ActiveCfg = Release|x64
		{5FDA8F02-7D7D-31C9-822F-37119AE95C74}.Release|x64.Build.0 = Release|x64
		{5FDA8F02-7D7D-31C9-822F-37119AE95C74}.MinSizeRel|x64.ActiveCfg = MinSizeRel|x64
		{5FDA8F02-7D7D-31C9-822F-37119AE95C74}.MinSizeRel|x64.Build.0 = MinSizeRel|x64
		{5FDA8F02-7D7D-31C9-822F-37119AE95C74}.RelWithDebInfo|x64.ActiveCfg = RelWithDebInfo|x64
		{5FDA8F02-7D7D-31C9-822F-37119AE95C74}.RelWithDebInfo|x64.Build.0 = RelWithDebInfo|x64
		{EEE57C52-D07B-3278-925A-90312D25A523}.Debug|x64.ActiveCfg = Debug|x64
		{EEE57C52-D07B-3278-925A-90312D25A523}.Debug|x64.Build.0 = Debug|x64
		{EEE57C52-D07B-3278-925A-90312D25A523}.Release|x64.ActiveCfg = Release|x64
		{EEE57C52-D07B-3278-925A-90312D25A523}.Release|x64.Build.0 = Release|x64
		{EEE57C52-D07B-3278-925A-90312D25A523}.MinSizeRel|x64.ActiveCfg = MinSizeRel|x64
		{EEE57C52-D07B-3278-925A-90312D25A523}.MinSizeRel|x64.Build.0 = MinSizeRel|x64
		{EEE57C52-D07B-3278-925A-90312D25A523}.RelWithDebInfo|x64.ActiveCfg = RelWithDebInfo|x64
		{EEE57C52-D07B-3278-925A-90312D25A523}.RelWithDebInfo|x64.Build.0 = RelWithDebInfo|x64
		{E068D923-9142-37D0-9047-7501B259B0BC}.Debug|x64.ActiveCfg = Debug|x64
		{E068D923-9142-37D0-9047-7501B259B0BC}.Debug|x64.Build.0 = Debug|x64
		{E068D923-9142-37D0-9047-7501B259B0BC}.Release|x64.ActiveCfg = Release|x64
		{E068D923-9142-37D0-9047-7501B259B0BC}.Release|x64.Build.0 = Release|x64
		{E068D923-9142-37D0-9047-7501B259B0BC}.MinSizeRel|x64.ActiveCfg = MinSizeRel|x64
		{E068D923-9142-37D0-9047-7501B259B0BC}.MinSizeRel|x64.Build.0 = MinSizeRel|x64
		{E068D923-9142-37D0-9047-7501B259B0BC}.RelWithDebInfo|x64.ActiveCfg = RelWithDebInfo|x64
		{E068D923-9142-37D0-9047-7501B259B0BC}.RelWithDebInfo|x64.Build.0 = RelWithDebInfo|x64
		{DC5FF7A1-10A9-3D7C-A096-08AA4DA72984}.Debug|x64.ActiveCfg = Debug|x64
		{DC5FF7A1-10A9-3D7C-A096-08AA4DA72984}.Debug|x64.Build.0 = Debug|x64
		{DC5FF7A1-10A9-3D7C-A096-08AA4DA72984}.Release|x64.ActiveCfg = Release|x64
		{DC5FF7A1-10A9-3D7C-A096-08AA4DA72984}.Release|x64.Build.0 = Release|x64
		{DC5FF7A1-10A9-3D7C-A096-08AA4DA72984}.MinSizeRel|x64.ActiveCfg = MinSizeRel|x64
		{DC5FF7A1-10A9-3D7C-A096-08AA4DA72984}.MinSizeRel|x64.Build.0 = MinSizeRel|x64
		{DC5FF7A1-10A9-3D7C-A096-08AA4DA72984}.RelWithDebInfo|x64.ActiveCfg = RelWithDebInfo|x64
		{DC5FF7A1-10A9-3D7C-A096-08AA4DA72984}.RelWithDebInfo|x64.Build.0 = RelWithDebInfo|x64
		{E7ECF8B7-9FDA-3CC6-9C64-6CE92F79C05B}.Debug|x64.ActiveCfg = Debug|x64
		{E7ECF8B7-9FDA-3CC6-9C64-6CE92F79C05B}.Debug|x64.Build.0 = Debug|x64
		{E7ECF8B7-9FDA-3CC6-9C64-6CE92F79C05B}.Release|x64.ActiveCfg = Release|x64
		{E7ECF8B7-9FDA-3CC6-9C64-6CE92F79C05B}.Release|x64.Build.0 = Release|x64
		{E7ECF8B7-9FDA-3CC6-9C64-6CE92F79C05B}.MinSizeRel|x64.ActiveCfg = MinSizeRel|x64
		{E7ECF8B7-9FDA-3CC6-9C64-6CE92F79C05B}.MinSizeRel|x64.Build.0 = MinSizeRel|x64
		{E7ECF8B7-9FDA-3CC6-9C64-6CE92F79C05B}.RelWithDebInfo|x64.ActiveCfg = RelWithDebInfo|x64
		{E7ECF8B7-9FDA-3CC6-9C64-6CE92F79C05B}.RelWithDebInfo|x64.Build.0 = RelWithDebInfo|x64
		{FB8EC759-A146-3A9A-8BBA-1F5F363DA014}.Debug|x64.ActiveCfg = Debug|x64
		{FB8EC759-A146-3A9A-8BBA-1F5F363DA014}.Debug|x64.Build.0 = Debug|x64
		{FB8EC759-A146-3A9A-8BBA-1F5F363DA014}.Release|x64.ActiveCfg = Release|x64
		{FB8EC759-A146-3A9A-8BBA-1F5F363DA014}.Release|x64.Build.0 = Release|x64
		{FB8EC759-A146-3A9A-8BBA-1F5F363DA014}.MinSizeRel|x64.ActiveCfg = MinSizeRel|x64
		{FB8EC759-A146-3A9A-8BBA-1F5F363DA014}.MinSizeRel|x64.Build.0 = MinSizeRel|x64
		{FB8EC759-A146-3A9A-8BBA-1F5F363DA014}.RelWithDebInfo|x64.ActiveCfg = RelWithDebInfo|x64
		{FB8EC759-A146-3A9A-8BBA-1F5F363DA014}.RelWithDebInfo|x64.Build.0 = RelWithDebInfo|x64
		{6A7DD8D2-B8A0-39E8-95B2-AB5F6EF8C649}.Debug|x64.ActiveCfg = Debug|x64
		{6A7DD8D2-B8A0-39E8-95B2-AB5F6EF8C649}.Debug|x64.Build.0 = Debug|x64
		{6A7DD8D2-B8A0-39E8-95B2-AB5F6EF8C649}.Release|x64.ActiveCfg = Release|x64
		{6A7DD8D2-B8A0-39E8-95B2-AB5F6EF8C649}.Release|x64.Build.0 = Release|x64
		{6A7DD8D2-B8A0-39E8-95B2-AB5F6EF8C649}.MinSizeRel|x64.ActiveCfg = MinSizeRel|x64
		{6A7DD8D2-B8A0-39E8-95B2-AB5F6EF8C649}.MinSizeRel|x64.Build.0 = MinSizeRel|x64
		{6A7DD8D2-B8A0-39E8-95B2-AB5F6EF8C649}.RelWithDebInfo|x64.ActiveCfg = RelWithDebInfo|x64
		{6A7DD8D2-B8A0-39E8-95B2-AB5F6EF8C649}.RelWithDebInfo|x64.Build.0 = RelWithDebInfo|x64
		{AC61FCE3-BD6D-39BA-AA6A-34F356A4F81D}.Debug|x64.ActiveCfg = Debug|x64
		{AC61FCE3-BD6D-39BA-AA6A-34F356A4F81D}.Debug|x64.Build.0 = Debug|x64
		{AC61FCE3-BD6D-39BA-AA6A-34F356A4F81D}.Release|x64.ActiveCfg = Release|x64
		{AC61FCE3-BD6D-39BA-AA6A-34F356A4F81D}.Release|x64.Build.0 = Release|x64
		{AC61FCE3-BD6D-39BA-AA6A-34F356A4F81D}.MinSizeRel|x64.ActiveCfg = MinSizeRel|x64
		{AC61FCE3-BD6D-39BA-AA6A-34F356A4F81D}.MinSizeRel|x64.Build.0 = MinSizeRel|x64
		{AC61FCE3-BD6D-39BA-AA6A-34F356A4F81D}.RelWithDebInfo|x64.ActiveCfg = RelWithDebInfo|x64
		{AC61FCE3-BD6D-39BA-AA6A-34F356A4F81D}.RelWithDebInfo|x64.Build.0 = RelWithDebInfo|x64
		{3B50BE1E-2DE6-366C-9296-ADCAB160D90F}.Debug|x64.ActiveCfg = Debug|x64
		{3B50BE1E-2DE6-366C-9296-ADCAB160D90F}.Debug|x64.Build.0 = Debug|x64
		{3B50BE1E-2DE6-366C-9296-ADCAB160D90F}.Release|x64.ActiveCfg = Release|x64
		{3B50BE1E-2DE6-366C-9296-ADCAB160D90F}.Release|x64.Build.0 = Release|x64
		{3B50BE1E-2DE6-366C-9296-ADCAB160D90F}.MinSizeRel|x64.ActiveCfg = MinSizeRel|x64
		{3B50BE1E-2DE6-366C-9296-ADCAB160D90F}.MinSizeRel|x64.Build.0 = MinSizeRel|x64
		{3B50BE1E-2DE6-366C-9296-ADCAB160D90F}.RelWithDebInfo|x64.ActiveCfg = RelWithDebInfo|x64
		{3B50BE1E-2DE6-366C-9296-ADCAB160D90F}.RelWithDebInfo|x64.Build.0 = RelWithDebInfo|x64
		{9654E054-9619-3062-B01D-D32C6C8EF75C}.Debug|x64.ActiveCfg = Debug|x64
		{9654E054-9619-3062-B01D-D32C6C8EF75C}.Debug|x64.Build.0 = Debug|x64
		{9654E054-9619-3062-B01D-D32C6C8EF75C}.Release|x64.ActiveCfg = Release|x64
		{9654E054-9619-3062-B01D-D32C6C8EF75C}.Release|x64.Build.0 = Release|x64
		{9654E054-9619-3062-B01D-D32C6C8EF75C}.MinSizeRel|x64.ActiveCfg = MinSizeRel|x64
		{9654E054-9619-3062-B01D-D32C6C8EF75C}.MinSizeRel|x64.Build.0 = MinSizeRel|x64
		{9654E054-9619-3062-B01D-D32C6C8EF75C}.RelWithDebInfo|x64.ActiveCfg = RelWithDebInfo|x64
		{9654E054-9619-3062-B01D-D32C6C8EF75C}.RelWithDebInfo|x64.Build.0 = RelWithDebInfo|x64
		{94B24D55-5B75-3F7A-96DB-A8B52642474F}.Debug|x64.ActiveCfg = Debug|x64
		{94B24D55-5B75-3F7A-96DB-A8B52642474F}.Debug|x64.Build.0 = Debug|x64
		{94B24D55-5B75-3F7A-96DB-A8B52642474F}.Release|x64.ActiveCfg = Release|x64
		{94B24D55-5B75-3F7A-96DB-A8B52642474F}.Release|x64.Build.0 = Release|x64
		{94B24D55-5B75-3F7A-96DB-A8B52642474F}.MinSizeRel|x64.ActiveCfg = MinSizeRel|x64
		{94B24D55-5B75-3F7A-96DB-A8B52642474F}.MinSizeRel|x64.Build.0 = MinSizeRel|x64
		{94B24D55-5B75-3F7A-96DB-A8B52642474F}.RelWithDebInfo|x64.ActiveCfg = RelWithDebInfo|x64
		{94B24D55-5B75-3F7A-96DB-A8B52642474F}.RelWithDebInfo|x64.Build.0 = RelWithDebInfo|x64
		{2B736D3E-9ACF-369D-BF59-2EF07E9595D1}.Debug|x64.ActiveCfg = Debug|x64
		{2B736D3E-9ACF-369D-BF59-2EF07E9595D1}.Debug|x64.Build.0 = Debug|x64
		{2B736D3E-9ACF-369D-BF59-2EF07E9595D1}.Release|x64.ActiveCfg = Release|x64
		{2B736D3E-9ACF-369D-BF59-2EF07E9595D1}.Release|x64.Build.0 = Release|x64
		{2B736D3E-9ACF-369D-BF59-2EF07E9595D1}.MinSizeRel|x64.ActiveCfg = MinSizeRel|x64
		{2B736D3E-9ACF-369D-BF59-2EF07E9595D1}.MinSizeRel|x64.Build.0 = MinSizeRel|x64
		{2B736D3E-9ACF-369D-BF59-2EF07E9595D1}.RelWithDebInfo|x64.ActiveCfg = RelWithDebInfo|x64
		{2B736D3E-9ACF-369D-BF59-2EF07E9595D1}.RelWithDebInfo|x64.Build.0 = RelWithDebInfo|x64
		{A320BE5E-289A-3BFF-8C62-BB98FABF2D8E}.Debug|x64.ActiveCfg = Debug|x64
		{A320BE5E-289A-3BFF-8C62-BB98FABF2D8E}.Debug|x64.Build.0 = Debug|x64
		{A320BE5E-289A-3BFF-8C62-BB98FABF2D8E}.Release|x64.ActiveCfg = Release|x64
		{A320BE5E-289A-3BFF-8C62-BB98FABF2D8E}.Release|x64.Build.0 = Release|x64
		{A320BE5E-289A-3BFF-8C62-BB98FABF2D8E}.MinSizeRel|x64.ActiveCfg = MinSizeRel|x64
		{A320BE5E-289A-3BFF-8C62-BB98FABF2D8E}.MinSizeRel|x64.Build.0 = MinSizeRel|x64
		{A320BE5E-289A-3BFF-8C62-BB98FABF2D8E}.RelWithDebInfo|x64.ActiveCfg = RelWithDebInfo|x64
		{A320BE5E-289A-3BFF-8C62-BB98FABF2D8E}.RelWithDebInfo|x64.Build.0 = RelWithDebInfo|x64
		{9506E1F1-9F00-370B-94FD-B16F1DA9427B}.Debug|x64.ActiveCfg = Debug|x64
		{9506E1F1-9F00-370B-94FD-B16F1DA9427B}.Debug|x64.Build.0 = Debug|x64
		{9506E1F1-9F00-370B-94FD-B16F1DA9427B}.Release|x64.ActiveCfg = Release|x64
		{9506E1F1-9F00-370B-94FD-B16F1DA9427B}.Release|x64.Build.0 = Release|x64
		{9506E1F1-9F00-370B-94FD-B16F1DA9427B}.MinSizeRel|x64.ActiveCfg = MinSizeRel|x64
		{9506E1F1-9F00-370B-94FD-B16F1DA9427B}.MinSizeRel|x64.Build.0 = MinSizeRel|x64
		{9506E1F1-9F00-370B-94FD-B16F1DA9427B}.RelWithDebInfo|x64.ActiveCfg = RelWithDebInfo|x64
		{9506E1F1-9F00-370B-94FD-B16F1DA9427B}.RelWithDebInfo|x64.Build.0 = RelWithDebInfo|x64
		{D65E589F-6390-36C0-91B5-876693630F0C}.Debug|x64.ActiveCfg = Debug|x64
		{D65E589F-6390-36C0-91B5-876693630F0C}.Debug|x64.Build.0 = Debug|x64
		{D65E589F-6390-36C0-91B5-876693630F0C}.Release|x64.ActiveCfg = Release|x64
		{D65E589F-6390-36C0-91B5-876693630F0C}.Release|x64.Build.0 = Release|x64
		{D65E589F-6390-36C0-91B5-876693630F0C}.MinSizeRel|x64.ActiveCfg = MinSizeRel|x64
		{D65E589F-6390-36C0-91B5-876693630F0C}.MinSizeRel|x64.Build.0 = MinSizeRel|x64
		{D65E589F-6390-36C0-91B5-876693630F0C}.RelWithDebInfo|x64.ActiveCfg = RelWithDebInfo|x64
		{D65E589F-6390-36C0-91B5-876693630F0C}.RelWithDebInfo|x64.Build.0 = RelWithDebInfo|x64
		{870C82B3-F241-35A4-B6CA-D9556A01674E}.Debug|x64.ActiveCfg = Debug|x64
		{870C82B3-F241-35A4-B6CA-D9556A01674E}.Debug|x64.Build.0 = Debug|x64
		{870C82B3-F241-35A4-B6CA-D9556A01674E}.Release|x64.ActiveCfg = Release|x64
		{870C82B3-F241-35A4-B6CA-D9556A01674E}.Release|x64.Build.0 = Release|x64
		{870C82B3-F241-35A4-B6CA-D9556A01674E}.MinSizeRel|x64.ActiveCfg = MinSizeRel|x64
		{870C82B3-F241-35A4-B6CA-D9556A01674E}.MinSizeRel|x64.Build.0 = MinSizeRel|x64
		{870C82B3-F241-35A4-B6CA-D9556A01674E}.RelWithDebInfo|x64.ActiveCfg = RelWithDebInfo|x64
		{870C82B3-F241-35A4-B6CA-D9556A01674E}.RelWithDebInfo|x64.Build.0 = RelWithDebInfo|x64
		{0AD3435C-AE73-3FAF-94C7-E0BF4F6DBF11}.Debug|x64.ActiveCfg = Debug|x64
		{0AD3435C-AE73-3FAF-94C7-E0BF4F6DBF11}.Debug|x64.Build.0 = Debug|x64
		{0AD3435C-AE73-3FAF-94C7-E0BF4F6DBF11}.Release|x64.ActiveCfg = Release|x64
		{0AD3435C-AE73-3FAF-94C7-E0BF4F6DBF11}.Release|x64.Build.0 = Release|x64
		{0AD3435C-AE73-3FAF-94C7-E0BF4F6DBF11}.MinSizeRel|x64.ActiveCfg = MinSizeRel|x64
		{0AD3435C-AE73-3FAF-94C7-E0BF4F6DBF11}.MinSizeRel|x64.Build.0 = MinSizeRel|x64
		{0AD3435C-AE73-3FAF-94C7-E0BF4F6DBF11}.RelWithDebInfo|x64.ActiveCfg = RelWithDebInfo|x64
		{0AD3435C-AE73-3FAF-94C7-E0BF4F6DBF11}.RelWithDebInfo|x64.Build.0 = RelWithDebInfo|x64
		{136062ED-5D1A-34D9-90CE-3C0F84386D79}.Debug|x64.ActiveCfg = Debug|x64
		{136062ED-5D1A-34D9-90CE-3C0F84386D79}.Debug|x64.Build.0 = Debug|x64
		{136062ED-5D1A-34D9-90CE-3C0F84386D79}.Release|x64.ActiveCfg = Release|x64
		{136062ED-5D1A-34D9-90CE-3C0F84386D79}.Release|x64.Build.0 = Release|x64
		{136062ED-5D1A-34D9-90CE-3C0F84386D79}.MinSizeRel|x64.ActiveCfg = MinSizeRel|x64
		{136062ED-5D1A-34D9-90CE-3C0F84386D79}.MinSizeRel|x64.Build.0 = MinSizeRel|x64
		{136062ED-5D1A-34D9-90CE-3C0F84386D79}.RelWithDebInfo|x64.ActiveCfg = RelWithDebInfo|x64
		{136062ED-5D1A-34D9-90CE-3C0F84386D79}.RelWithDebInfo|x64.Build.0 = RelWithDebInfo|x64
		{4CB8A9B1-E038-326C-8D4E-2FF45D46ECC1}.Debug|x64.ActiveCfg = Debug|x64
		{4CB8A9B1-E038-326C-8D4E-2FF45D46ECC1}.Debug|x64.Build.0 = Debug|x64
		{4CB8A9B1-E038-326C-8D4E-2FF45D46ECC1}.Release|x64.ActiveCfg = Release|x64
		{4CB8A9B1-E038-326C-8D4E-2FF45D46ECC1}.Release|x64.Build.0 = Release|x64
		{4CB8A9B1-E038-326C-8D4E-2FF45D46ECC1}.MinSizeRel|x64.ActiveCfg = MinSizeRel|x64
		{4CB8A9B1-E038-326C-8D4E-2FF45D46ECC1}.MinSizeRel|x64.Build.0 = MinSizeRel|x64
		{4CB8A9B1-E038-326C-8D4E-2FF45D46ECC1}.RelWithDebInfo|x64.ActiveCfg = RelWithDebInfo|x64
		{4CB8A9B1-E038-326C-8D4E-2FF45D46ECC1}.RelWithDebInfo|x64.Build.0 = RelWithDebInfo|x64
		{62B40FD6-C927-3A73-8276-7A64EE1F8BD8}.Debug|x64.ActiveCfg = Debug|x64
		{62B40FD6-C927-3A73-8276-7A64EE1F8BD8}.Debug|x64.Build.0 = Debug|x64
		{62B40FD6-C927-3A73-8276-7A64EE1F8BD8}.Release|x64.ActiveCfg = Release|x64
		{62B40FD6-C927-3A73-8276-7A64EE1F8BD8}.Release|x64.Build.0 = Release|x64
		{62B40FD6-C927-3A73-8276-7A64EE1F8BD8}.MinSizeRel|x64.ActiveCfg = MinSizeRel|x64
		{62B40FD6-C927-3A73-8276-7A64EE1F8BD8}.MinSizeRel|x64.Build.0 = MinSizeRel|x64
		{62B40FD6-C927-3A73-8276-7A64EE1F8BD8}.RelWithDebInfo|x64.ActiveCfg = RelWithDebInfo|x64
		{62B40FD6-C927-3A73-8276-7A64EE1F8BD8}.RelWithDebInfo|x64.Build.0 = RelWithDebInfo|x64
		{E322A3D1-B406-3977-8B8A-AD4C9B2A6C0C}.Debug|x64.ActiveCfg = Debug|x64
		{E322A3D1-B406-3977-8B8A-AD4C9B2A6C0C}.Debug|x64.Build.0 = Debug|x64
		{E322A3D1-B406-3977-8B8A-AD4C9B2A6C0C}.Release|x64.ActiveCfg = Release|x64
		{E322A3D1-B406-3977-8B8A-AD4C9B2A6C0C}.Release|x64.Build.0 = Release|x64
		{E322A3D1-B406-3977-8B8A-AD4C9B2A6C0C}.MinSizeRel|x64.ActiveCfg = MinSizeRel|x64
		{E322A3D1-B406-3977-8B8A-AD4C9B2A6C0C}.MinSizeRel|x64.Build.0 = MinSizeRel|x64
		{E322A3D1-B406-3977-8B8A-AD4C9B2A6C0C}.RelWithDebInfo|x64.ActiveCfg = RelWithDebInfo|x64
		{E322A3D1-B406-3977-8B8A-AD4C9B2A6C0C}.RelWithDebInfo|x64.Build.0 = RelWithDebInfo|x64
		{35049D36-688F-3BBA-8BD8-B5745A15824C}.Debug|x64.ActiveCfg = Debug|x64
		{35049D36-688F-3BBA-8BD8-B5745A15824C}.Debug|x64.Build.0 = Debug|x64
		{35049D36-688F-3BBA-8BD8-B5745A15824C}.Release|x64.ActiveCfg = Release|x64
		{35049D36-688F-3BBA-8BD8-B5745A15824C}.Release|x64.Build.0 = Release|x64
		{35049D36-688F-3BBA-8BD8-B5745A15824C}.MinSizeRel|x64.ActiveCfg = MinSizeRel|x64
		{35049D36-688F-3BBA-8BD8-B5745A15824C}.MinSizeRel|x64.Build.0 = MinSizeRel|x64
		{35049D36-688F-3BBA-8BD8-B5745A15824C}.RelWithDebInfo|x64.ActiveCfg = RelWithDebInfo|x64
		{35049D36-688F-3BBA-8BD8-B5745A15824C}.RelWithDebInfo|x64.Build.0 = RelWithDebInfo|x64
		{6A781FDA-8330-3386-BCDA-E1967292303D}.Debug|x64.ActiveCfg = Debug|x64
		{6A781FDA-8330-3386-BCDA-E1967292303D}.Debug|x64.Build.0 = Debug|x64
		{6A781FDA-8330-3386-BCDA-E1967292303D}.Release|x64.ActiveCfg = Release|x64
		{6A781FDA-8330-3386-BCDA-E1967292303D}.Release|x64.Build.0 = Release|x64
		{6A781FDA-8330-3386-BCDA-E1967292303D}.MinSizeRel|x64.ActiveCfg = MinSizeRel|x64
		{6A781FDA-8330-3386-BCDA-E1967292303D}.MinSizeRel|x64.Build.0 = MinSizeRel|x64
		{6A781FDA-8330-3386-BCDA-E1967292303D}.RelWithDebInfo|x64.ActiveCfg = RelWithDebInfo|x64
		{6A781FDA-8330-3386-BCDA-E1967292303D}.RelWithDebInfo|x64.Build.0 = RelWithDebInfo|x64
		{1C47B22F-6E8A-35A4-A540-02D167D85E11}.Debug|x64.ActiveCfg = Debug|x64
		{1C47B22F-6E8A-35A4-A540-02D167D85E11}.Debug|x64.Build.0 = Debug|x64
		{1C47B22F-6E8A-35A4-A540-02D167D85E11}.Release|x64.ActiveCfg = Release|x64
		{1C47B22F-6E8A-35A4-A540-02D167D85E11}.Release|x64.Build.0 = Release|x64
		{1C47B22F-6E8A-35A4-A540-02D167D85E11}.MinSizeRel|x64.ActiveCfg = MinSizeRel|x64
		{1C47B22F-6E8A-35A4-A540-02D167D85E11}.MinSizeRel|x64.Build.0 = MinSizeRel|x64
		{1C47B22F-6E8A-35A4-A540-02D167D85E11}.RelWithDebInfo|x64.ActiveCfg = RelWithDebInfo|x64
		{1C47B22F-6E8A-35A4-A540-02D167D85E11}.RelWithDebInfo|x64.Build.0 = RelWithDebInfo|x64
		{F57BD4C9-4145-3FD6-A843-0D4F71A8B355}.Debug|x64.ActiveCfg = Debug|x64
		{F57BD4C9-4145-3FD6-A843-0D4F71A8B355}.Debug|x64.Build.0 = Debug|x64
		{F57BD4C9-4145-3FD6-A843-0D4F71A8B355}.Release|x64.ActiveCfg = Release|x64
		{F57BD4C9-4145-3FD6-A843-0D4F71A8B355}.Release|x64.Build.0 = Release|x64
		{F57BD4C9-4145-3FD6-A843-0D4F71A8B355}.MinSizeRel|x64.ActiveCfg = MinSizeRel|x64
		{F57BD4C9-4145-3FD6-A843-0D4F71A8B355}.MinSizeRel|x64.Build.0 = MinSizeRel|x64
		{F57BD4C9-4145-3FD6-A843-0D4F71A8B355}.RelWithDebInfo|x64.ActiveCfg = RelWithDebInfo|x64
		{F57BD4C9-4145-3FD6-A843-0D4F71A8B355}.RelWithDebInfo|x64.Build.0 = RelWithDebInfo|x64
		{291BCE90-C369-3DB0-909A-2C41E4BB6985}.Debug|x64.ActiveCfg = Debug|x64
		{291BCE90-C369-3DB0-909A-2C41E4BB6985}.Debug|x64.Build.0 = Debug|x64
		{291BCE90-C369-3DB0-909A-2C41E4BB6985}.Release|x64.ActiveCfg = Release|x64
		{291BCE90-C369-3DB0-909A-2C41E4BB6985}.Release|x64.Build.0 = Release|x64
		{291BCE90-C369-3DB0-909A-2C41E4BB6985}.MinSizeRel|x64.ActiveCfg = MinSizeRel|x64
		{291BCE90-C369-3DB0-909A-2C41E4BB6985}.MinSizeRel|x64.Build.0 = MinSizeRel|x64
		{291BCE90-C369-3DB0-909A-2C41E4BB6985}.RelWithDebInfo|x64.ActiveCfg = RelWithDebInfo|x64
		{291BCE90-C369-3DB0-909A-2C41E4BB6985}.RelWithDebInfo|x64.Build.0 = RelWithDebInfo|x64
		{E2887B33-BB14-3399-8059-760C0FDD5CB4}.Debug|x64.ActiveCfg = Debug|x64
		{E2887B33-BB14-3399-8059-760C0FDD5CB4}.Debug|x64.Build.0 = Debug|x64
		{E2887B33-BB14-3399-8059-760C0FDD5CB4}.Release|x64.ActiveCfg = Release|x64
		{E2887B33-BB14-3399-8059-760C0FDD5CB4}.Release|x64.Build.0 = Release|x64
		{E2887B33-BB14-3399-8059-760C0FDD5CB4}.MinSizeRel|x64.ActiveCfg = MinSizeRel|x64
		{E2887B33-BB14-3399-8059-760C0FDD5CB4}.MinSizeRel|x64.Build.0 = MinSizeRel|x64
		{E2887B33-BB14-3399-8059-760C0FDD5CB4}.RelWithDebInfo|x64.ActiveCfg = RelWithDebInfo|x64
		{E2887B33-BB14-3399-8059-760C0FDD5CB4}.RelWithDebInfo|x64.Build.0 = RelWithDebInfo|x64
	EndGlobalSection
	GlobalSection(ExtensibilityGlobals) = postSolution
		SolutionGuid = {E219753B-504C-3DD0-92C0-3D80703E7C10}
	EndGlobalSection
	GlobalSection(ExtensibilityAddIns) = postSolution
	EndGlobalSection
EndGlobal
