<?xml version="1.0" encoding="utf-8"?>
<Project ToolsVersion="17.0" xmlns="http://schemas.microsoft.com/developer/msbuild/2003">
  <ItemGroup>
    <CustomBuild Include="D:\tuple\build_exp\CMakeFiles\7227f7d0da9a6180781d59ac588f8518\INSTALL_force.rule">
      <Filter>CMake Rules</Filter>
    </CustomBuild>
  </ItemGroup>
  <ItemGroup>
    <Filter Include="CMake Rules">
      <UniqueIdentifier>{E908FDC5-014C-355B-B6CC-3F07B0A34DAE}</UniqueIdentifier>
    </Filter>
  </ItemGroup>
</Project>
